// !$*UTF8*$!
{
	archiveVersion = 1;
	classes = {
	};
	objectVersion = 46;
	objects = {

/* Begin PBXBuildFile section */
		631DF0421ECEEDC200499586 /* NSObject+YJKeyValueObserving.m in Sources */ = {isa = PBXBuildFile; fileRef = 631DF0411ECEEDC200499586 /* NSObject+YJKeyValueObserving.m */; };
		631E7E871E727EE3004639B1 /* DrawView.m in Sources */ = {isa = PBXBuildFile; fileRef = 631E7E861E727EE3004639B1 /* DrawView.m */; };
		632B9E501F134ABE003FE595 /* UIImage+YJReSize.m in Sources */ = {isa = PBXBuildFile; fileRef = 632B9E4F1F134ABE003FE595 /* UIImage+YJReSize.m */; };
		632B9E531F134BAB003FE595 /* UIImage+YJAlpha.m in Sources */ = {isa = PBXBuildFile; fileRef = 632B9E521F134BAB003FE595 /* UIImage+YJAlpha.m */; };
		632B9E561F134C47003FE595 /* UIImage+YJRoundedCorner.m in Sources */ = {isa = PBXBuildFile; fileRef = 632B9E551F134C47003FE595 /* UIImage+YJRoundedCorner.m */; };
		632BB20F1E68145E00D5345F /* SampleFile.txt in Resources */ = {isa = PBXBuildFile; fileRef = 632BB20E1E68145E00D5345F /* SampleFile.txt */; };
		632CC7B31E7695F300BB69FE /* UIBezierPath+YJBasicShapes.m in Sources */ = {isa = PBXBuildFile; fileRef = 632CC7B21E7695F300BB69FE /* UIBezierPath+YJBasicShapes.m */; };
		632CC7B61E7697D800BB69FE /* UIBezierPath+YJSymbol.m in Sources */ = {isa = PBXBuildFile; fileRef = 632CC7B51E7697D800BB69FE /* UIBezierPath+YJSymbol.m */; };
		632CC7B91E769D0C00BB69FE /* UIBezierPath+YJLength.m in Sources */ = {isa = PBXBuildFile; fileRef = 632CC7B81E769D0C00BB69FE /* UIBezierPath+YJLength.m */; };
		632D991E1F1DDCBD0002302D /* UITextField+YJSuperExt.m in Sources */ = {isa = PBXBuildFile; fileRef = 632D991D1F1DDCBD0002302D /* UITextField+YJSuperExt.m */; };
		6348FCB31E6FFE8D007C1D96 /* NSArray+YJBlock.m in Sources */ = {isa = PBXBuildFile; fileRef = 6348FC251E6FFE8D007C1D96 /* NSArray+YJBlock.m */; };
		6348FCB41E6FFE8D007C1D96 /* NSArray+YJSuperExt.m in Sources */ = {isa = PBXBuildFile; fileRef = 6348FC271E6FFE8D007C1D96 /* NSArray+YJSuperExt.m */; };
		6348FCB51E6FFE8D007C1D96 /* NSBundle+YJSuperExt.m in Sources */ = {isa = PBXBuildFile; fileRef = 6348FC2A1E6FFE8D007C1D96 /* NSBundle+YJSuperExt.m */; };
		6348FCB61E6FFE8D007C1D96 /* NSData+YJGzip.m in Sources */ = {isa = PBXBuildFile; fileRef = 6348FC2D1E6FFE8D007C1D96 /* NSData+YJGzip.m */; };
		6348FCB71E6FFE8D007C1D96 /* NSData+YJSuperExt.m in Sources */ = {isa = PBXBuildFile; fileRef = 6348FC2F1E6FFE8D007C1D96 /* NSData+YJSuperExt.m */; };
		6348FCB81E6FFE8D007C1D96 /* NSDate+YJStartEnd.m in Sources */ = {isa = PBXBuildFile; fileRef = 6348FC321E6FFE8D007C1D96 /* NSDate+YJStartEnd.m */; };
		6348FCB91E6FFE8D007C1D96 /* NSDate+YJSuperExt.m in Sources */ = {isa = PBXBuildFile; fileRef = 6348FC341E6FFE8D007C1D96 /* NSDate+YJSuperExt.m */; };
		6348FCBA1E6FFE8D007C1D96 /* NSDateFormatter+YJSuperExt.m in Sources */ = {isa = PBXBuildFile; fileRef = 6348FC371E6FFE8D007C1D96 /* NSDateFormatter+YJSuperExt.m */; };
		6348FCBB1E6FFE8D007C1D96 /* NSDictionary+YJMerge.m in Sources */ = {isa = PBXBuildFile; fileRef = 6348FC3A1E6FFE8D007C1D96 /* NSDictionary+YJMerge.m */; };
		6348FCBC1E6FFE8D007C1D96 /* NSDictionary+YJSuperExt.m in Sources */ = {isa = PBXBuildFile; fileRef = 6348FC3C1E6FFE8D007C1D96 /* NSDictionary+YJSuperExt.m */; };
		6348FCBD1E6FFE8D007C1D96 /* NSDictionary+YJXML.m in Sources */ = {isa = PBXBuildFile; fileRef = 6348FC3E1E6FFE8D007C1D96 /* NSDictionary+YJXML.m */; };
		6348FCBE1E6FFE8D007C1D96 /* NSFileManager+YJSuperExt.m in Sources */ = {isa = PBXBuildFile; fileRef = 6348FC411E6FFE8D007C1D96 /* NSFileManager+YJSuperExt.m */; };
		6348FCBF1E6FFE8D007C1D96 /* NSIndexPath+YJOffset.m in Sources */ = {isa = PBXBuildFile; fileRef = 6348FC441E6FFE8D007C1D96 /* NSIndexPath+YJOffset.m */; };
		6348FCC01E6FFE8D007C1D96 /* NSNotificationCenter+YJMainThread.m in Sources */ = {isa = PBXBuildFile; fileRef = 6348FC471E6FFE8D007C1D96 /* NSNotificationCenter+YJMainThread.m */; };
		6348FCC11E6FFE8D007C1D96 /* NSString+YJContains.m in Sources */ = {isa = PBXBuildFile; fileRef = 6348FC4A1E6FFE8D007C1D96 /* NSString+YJContains.m */; };
		6348FCC21E6FFE8D007C1D96 /* NSString+YJMIME.m in Sources */ = {isa = PBXBuildFile; fileRef = 6348FC4C1E6FFE8D007C1D96 /* NSString+YJMIME.m */; };
		6348FCC31E6FFE8D007C1D96 /* NSString+YJPinYin.m in Sources */ = {isa = PBXBuildFile; fileRef = 6348FC4E1E6FFE8D007C1D96 /* NSString+YJPinYin.m */; };
		6348FCC41E6FFE8D007C1D96 /* NSString+YJSize.m in Sources */ = {isa = PBXBuildFile; fileRef = 6348FC501E6FFE8D007C1D96 /* NSString+YJSize.m */; };
		6348FCC51E6FFE8D007C1D96 /* NSString+YJSpecialCharacter.m in Sources */ = {isa = PBXBuildFile; fileRef = 6348FC521E6FFE8D007C1D96 /* NSString+YJSpecialCharacter.m */; };
		6348FCC61E6FFE8D007C1D96 /* NSString+YJSuperExt.m in Sources */ = {isa = PBXBuildFile; fileRef = 6348FC541E6FFE8D007C1D96 /* NSString+YJSuperExt.m */; };
		6348FCC71E6FFE8D007C1D96 /* NSString+YJVerification.m in Sources */ = {isa = PBXBuildFile; fileRef = 6348FC561E6FFE8D007C1D96 /* NSString+YJVerification.m */; };
		6348FCC81E6FFE8D007C1D96 /* NSString+YJXML.m in Sources */ = {isa = PBXBuildFile; fileRef = 6348FC581E6FFE8D007C1D96 /* NSString+YJXML.m */; };
		6348FCC91E6FFE8D007C1D96 /* NSTimer+YJBlock.m in Sources */ = {isa = PBXBuildFile; fileRef = 6348FC5B1E6FFE8D007C1D96 /* NSTimer+YJBlock.m */; };
		6348FCCA1E6FFE8D007C1D96 /* NSTimer+YJSuperExt.m in Sources */ = {isa = PBXBuildFile; fileRef = 6348FC5D1E6FFE8D007C1D96 /* NSTimer+YJSuperExt.m */; };
		6348FCCB1E6FFE8D007C1D96 /* NSURL+YJParameters.m in Sources */ = {isa = PBXBuildFile; fileRef = 6348FC601E6FFE8D007C1D96 /* NSURL+YJParameters.m */; };
		6348FCCC1E6FFE8D007C1D96 /* UIApplication+YJAppInfo.m in Sources */ = {isa = PBXBuildFile; fileRef = 6348FC641E6FFE8D007C1D96 /* UIApplication+YJAppInfo.m */; };
		6348FCCD1E6FFE8D007C1D96 /* UIApplication+YJSuperExt.m in Sources */ = {isa = PBXBuildFile; fileRef = 6348FC661E6FFE8D007C1D96 /* UIApplication+YJSuperExt.m */; };
		6348FCCE1E6FFE8D007C1D96 /* UIBezierPath+YJSuperExt.m in Sources */ = {isa = PBXBuildFile; fileRef = 6348FC691E6FFE8D007C1D96 /* UIBezierPath+YJSuperExt.m */; };
		6348FCCF1E6FFE8D007C1D96 /* UIButton+YJSuperExt.m in Sources */ = {isa = PBXBuildFile; fileRef = 6348FC6C1E6FFE8D007C1D96 /* UIButton+YJSuperExt.m */; };
		6348FCD01E6FFE8D007C1D96 /* UIControl+YJBlock.m in Sources */ = {isa = PBXBuildFile; fileRef = 6348FC6F1E6FFE8D007C1D96 /* UIControl+YJBlock.m */; };
		6348FCD11E6FFE8D007C1D96 /* UIControl+YJSuperExt.m in Sources */ = {isa = PBXBuildFile; fileRef = 6348FC711E6FFE8D007C1D96 /* UIControl+YJSuperExt.m */; };
		6348FCD21E6FFE8D007C1D96 /* UIDevice+YJSuperExt.m in Sources */ = {isa = PBXBuildFile; fileRef = 6348FC741E6FFE8D007C1D96 /* UIDevice+YJSuperExt.m */; };
		6348FCD31E6FFE8D007C1D96 /* UIFont+YJSuperExt.m in Sources */ = {isa = PBXBuildFile; fileRef = 6348FC771E6FFE8D007C1D96 /* UIFont+YJSuperExt.m */; };
		6348FCD41E6FFE8D007C1D96 /* UILabel+YJSuperExt.m in Sources */ = {isa = PBXBuildFile; fileRef = 6348FC7A1E6FFE8D007C1D96 /* UILabel+YJSuperExt.m */; };
		6348FCD51E6FFE8D007C1D96 /* UINavigationBar+YJSuperExt.m in Sources */ = {isa = PBXBuildFile; fileRef = 6348FC7D1E6FFE8D007C1D96 /* UINavigationBar+YJSuperExt.m */; };
		6348FCD61E6FFE8D007C1D96 /* UINavigationController+YJSuperExt.m in Sources */ = {isa = PBXBuildFile; fileRef = 6348FC801E6FFE8D007C1D96 /* UINavigationController+YJSuperExt.m */; };
		6348FCD71E6FFE8D007C1D96 /* UIResponder+YJSuperExt.m in Sources */ = {isa = PBXBuildFile; fileRef = 6348FC831E6FFE8D007C1D96 /* UIResponder+YJSuperExt.m */; };
		6348FCD81E6FFE8D007C1D96 /* UIScrollView+YJPosition.m in Sources */ = {isa = PBXBuildFile; fileRef = 6348FC861E6FFE8D007C1D96 /* UIScrollView+YJPosition.m */; };
		6348FCD91E6FFE8D007C1D96 /* UIScrollView+YJSuperExt.m in Sources */ = {isa = PBXBuildFile; fileRef = 6348FC881E6FFE8D007C1D96 /* UIScrollView+YJSuperExt.m */; };
		6348FCDA1E6FFE8D007C1D96 /* UITableView+YJSuperExt.m in Sources */ = {isa = PBXBuildFile; fileRef = 6348FC8B1E6FFE8D007C1D96 /* UITableView+YJSuperExt.m */; };
		6348FCDB1E6FFE8D007C1D96 /* UITableViewCell+YJNib.m in Sources */ = {isa = PBXBuildFile; fileRef = 6348FC8E1E6FFE8D007C1D96 /* UITableViewCell+YJNib.m */; };
		6348FCDC1E6FFE8D007C1D96 /* UIView+YJAnimation.m in Sources */ = {isa = PBXBuildFile; fileRef = 6348FC911E6FFE8D007C1D96 /* UIView+YJAnimation.m */; };
		6348FCDD1E6FFE8D007C1D96 /* UIView+YJConstraints.m in Sources */ = {isa = PBXBuildFile; fileRef = 6348FC931E6FFE8D007C1D96 /* UIView+YJConstraints.m */; };
		6348FCDE1E6FFE8D007C1D96 /* UIView+YJCustomBorder.m in Sources */ = {isa = PBXBuildFile; fileRef = 6348FC951E6FFE8D007C1D96 /* UIView+YJCustomBorder.m */; };
		6348FCDF1E6FFE8D007C1D96 /* UIView+YJDraggable.m in Sources */ = {isa = PBXBuildFile; fileRef = 6348FC971E6FFE8D007C1D96 /* UIView+YJDraggable.m */; };
		6348FCE01E6FFE8D007C1D96 /* UIView+YJFind.m in Sources */ = {isa = PBXBuildFile; fileRef = 6348FC991E6FFE8D007C1D96 /* UIView+YJFind.m */; };
		6348FCE11E6FFE8D007C1D96 /* UIView+YJFrame.m in Sources */ = {isa = PBXBuildFile; fileRef = 6348FC9B1E6FFE8D007C1D96 /* UIView+YJFrame.m */; };
		6348FCE21E6FFE8D007C1D96 /* UIView+YJGestureBlock.m in Sources */ = {isa = PBXBuildFile; fileRef = 6348FC9D1E6FFE8D007C1D96 /* UIView+YJGestureBlock.m */; };
		6348FCE31E6FFE8D007C1D96 /* UIView+YJLoadNib.m in Sources */ = {isa = PBXBuildFile; fileRef = 6348FC9F1E6FFE8D007C1D96 /* UIView+YJLoadNib.m */; };
		6348FCE41E6FFE8D007C1D96 /* UIView+YJRecursion.m in Sources */ = {isa = PBXBuildFile; fileRef = 6348FCA11E6FFE8D007C1D96 /* UIView+YJRecursion.m */; };
		6348FCE51E6FFE8D007C1D96 /* UIView+YJScreenshot.m in Sources */ = {isa = PBXBuildFile; fileRef = 6348FCA31E6FFE8D007C1D96 /* UIView+YJScreenshot.m */; };
		6348FCE61E6FFE8D007C1D96 /* UIView+YJShake.m in Sources */ = {isa = PBXBuildFile; fileRef = 6348FCA51E6FFE8D007C1D96 /* UIView+YJShake.m */; };
		6348FCE71E6FFE8D007C1D96 /* UIView+YJVisuals.m in Sources */ = {isa = PBXBuildFile; fileRef = 6348FCA71E6FFE8D007C1D96 /* UIView+YJVisuals.m */; };
		6348FCE81E6FFE8D007C1D96 /* UIViewController+YJBackButtonBlock.m in Sources */ = {isa = PBXBuildFile; fileRef = 6348FCAA1E6FFE8D007C1D96 /* UIViewController+YJBackButtonBlock.m */; };
		6348FCE91E6FFE8D007C1D96 /* UIViewController+YJSuperExt.m in Sources */ = {isa = PBXBuildFile; fileRef = 6348FCAC1E6FFE8D007C1D96 /* UIViewController+YJSuperExt.m */; };
		6348FCEA1E6FFE8D007C1D96 /* UIWindow+YJSuperExt.m in Sources */ = {isa = PBXBuildFile; fileRef = 6348FCAF1E6FFE8D007C1D96 /* UIWindow+YJSuperExt.m */; };
		637242621E8F4FDF0014BE40 /* NSObject+YJSuperExt.m in Sources */ = {isa = PBXBuildFile; fileRef = 637242611E8F4FDF0014BE40 /* NSObject+YJSuperExt.m */; };
		637242661E8F50C10014BE40 /* PersonModel.m in Sources */ = {isa = PBXBuildFile; fileRef = 637242651E8F50C10014BE40 /* PersonModel.m */; };
		63AB04AA1E77ED4D00754C01 /* UIBarButtonItem+YJBadge.m in Sources */ = {isa = PBXBuildFile; fileRef = 63AB04A91E77ED4D00754C01 /* UIBarButtonItem+YJBadge.m */; };
		63BB19AD1ED2F4E600A7165B /* NSMutableArray+YJSuperExt.m in Sources */ = {isa = PBXBuildFile; fileRef = 63BB19AC1ED2F4E600A7165B /* NSMutableArray+YJSuperExt.m */; };
		63D38FDF1E6D5F900067C967 /* SubViewController.m in Sources */ = {isa = PBXBuildFile; fileRef = 63D38FDE1E6D5F900067C967 /* SubViewController.m */; };
		63D7C8691E793005005BE05F /* UIView+YJBadge.m in Sources */ = {isa = PBXBuildFile; fileRef = 63D7C8681E793005005BE05F /* UIView+YJBadge.m */; };
		63D7C86C1E7939F3005BE05F /* UIButton+YJImagePosition.m in Sources */ = {isa = PBXBuildFile; fileRef = 63D7C86B1E7939F3005BE05F /* UIButton+YJImagePosition.m */; };
		63E07D8D1EA0CFF400EB8F3F /* UIViewController+YJFullScreenSupport.m in Sources */ = {isa = PBXBuildFile; fileRef = 63E07D8C1EA0CFF400EB8F3F /* UIViewController+YJFullScreenSupport.m */; };
		63F04B311E56E2A5007F0DDA /* main.m in Sources */ = {isa = PBXBuildFile; fileRef = 63F04B301E56E2A5007F0DDA /* main.m */; };
		63F04B341E56E2A5007F0DDA /* AppDelegate.m in Sources */ = {isa = PBXBuildFile; fileRef = 63F04B331E56E2A5007F0DDA /* AppDelegate.m */; };
		63F04B371E56E2A5007F0DDA /* ViewController.m in Sources */ = {isa = PBXBuildFile; fileRef = 63F04B361E56E2A5007F0DDA /* ViewController.m */; };
		63F04B3A1E56E2A5007F0DDA /* Main.storyboard in Resources */ = {isa = PBXBuildFile; fileRef = 63F04B381E56E2A5007F0DDA /* Main.storyboard */; };
		63F04B3C1E56E2A5007F0DDA /* Assets.xcassets in Resources */ = {isa = PBXBuildFile; fileRef = 63F04B3B1E56E2A5007F0DDA /* Assets.xcassets */; };
		63F04B3F1E56E2A5007F0DDA /* LaunchScreen.storyboard in Resources */ = {isa = PBXBuildFile; fileRef = 63F04B3D1E56E2A5007F0DDA /* LaunchScreen.storyboard */; };
		63F04B7D1E57037D007F0DDA /* libresolv.9.tbd in Frameworks */ = {isa = PBXBuildFile; fileRef = 63F04B7C1E57037D007F0DDA /* libresolv.9.tbd */; };
/* End PBXBuildFile section */

/* Begin PBXFileReference section */
		631DF0401ECEEDC200499586 /* NSObject+YJKeyValueObserving.h */ = {isa = PBXFileReference; fileEncoding = 4; lastKnownFileType = sourcecode.c.h; path = "NSObject+YJKeyValueObserving.h"; sourceTree = "<group>"; };
		631DF0411ECEEDC200499586 /* NSObject+YJKeyValueObserving.m */ = {isa = PBXFileReference; fileEncoding = 4; lastKnownFileType = sourcecode.c.objc; path = "NSObject+YJKeyValueObserving.m"; sourceTree = "<group>"; };
		631E7E851E727EE3004639B1 /* DrawView.h */ = {isa = PBXFileReference; fileEncoding = 4; lastKnownFileType = sourcecode.c.h; path = DrawView.h; sourceTree = "<group>"; };
		631E7E861E727EE3004639B1 /* DrawView.m */ = {isa = PBXFileReference; fileEncoding = 4; lastKnownFileType = sourcecode.c.objc; path = DrawView.m; sourceTree = "<group>"; };
		632B9E4E1F134ABE003FE595 /* UIImage+YJReSize.h */ = {isa = PBXFileReference; fileEncoding = 4; lastKnownFileType = sourcecode.c.h; path = "UIImage+YJReSize.h"; sourceTree = "<group>"; };
		632B9E4F1F134ABE003FE595 /* UIImage+YJReSize.m */ = {isa = PBXFileReference; fileEncoding = 4; lastKnownFileType = sourcecode.c.objc; path = "UIImage+YJReSize.m"; sourceTree = "<group>"; };
		632B9E511F134BAA003FE595 /* UIImage+YJAlpha.h */ = {isa = PBXFileReference; fileEncoding = 4; lastKnownFileType = sourcecode.c.h; path = "UIImage+YJAlpha.h"; sourceTree = "<group>"; };
		632B9E521F134BAB003FE595 /* UIImage+YJAlpha.m */ = {isa = PBXFileReference; fileEncoding = 4; lastKnownFileType = sourcecode.c.objc; path = "UIImage+YJAlpha.m"; sourceTree = "<group>"; };
		632B9E541F134C47003FE595 /* UIImage+YJRoundedCorner.h */ = {isa = PBXFileReference; fileEncoding = 4; lastKnownFileType = sourcecode.c.h; path = "UIImage+YJRoundedCorner.h"; sourceTree = "<group>"; };
		632B9E551F134C47003FE595 /* UIImage+YJRoundedCorner.m */ = {isa = PBXFileReference; fileEncoding = 4; lastKnownFileType = sourcecode.c.objc; path = "UIImage+YJRoundedCorner.m"; sourceTree = "<group>"; };
		632BB20E1E68145E00D5345F /* SampleFile.txt */ = {isa = PBXFileReference; fileEncoding = 4; lastKnownFileType = text; path = SampleFile.txt; sourceTree = "<group>"; };
		632CC7B11E7695F300BB69FE /* UIBezierPath+YJBasicShapes.h */ = {isa = PBXFileReference; fileEncoding = 4; lastKnownFileType = sourcecode.c.h; path = "UIBezierPath+YJBasicShapes.h"; sourceTree = "<group>"; };
		632CC7B21E7695F300BB69FE /* UIBezierPath+YJBasicShapes.m */ = {isa = PBXFileReference; fileEncoding = 4; lastKnownFileType = sourcecode.c.objc; path = "UIBezierPath+YJBasicShapes.m"; sourceTree = "<group>"; };
		632CC7B41E7697D800BB69FE /* UIBezierPath+YJSymbol.h */ = {isa = PBXFileReference; fileEncoding = 4; lastKnownFileType = sourcecode.c.h; path = "UIBezierPath+YJSymbol.h"; sourceTree = "<group>"; };
		632CC7B51E7697D800BB69FE /* UIBezierPath+YJSymbol.m */ = {isa = PBXFileReference; fileEncoding = 4; lastKnownFileType = sourcecode.c.objc; path = "UIBezierPath+YJSymbol.m"; sourceTree = "<group>"; };
		632CC7B71E769D0C00BB69FE /* UIBezierPath+YJLength.h */ = {isa = PBXFileReference; fileEncoding = 4; lastKnownFileType = sourcecode.c.h; path = "UIBezierPath+YJLength.h"; sourceTree = "<group>"; };
		632CC7B81E769D0C00BB69FE /* UIBezierPath+YJLength.m */ = {isa = PBXFileReference; fileEncoding = 4; lastKnownFileType = sourcecode.c.objc; path = "UIBezierPath+YJLength.m"; sourceTree = "<group>"; };
		632D991C1F1DDCBD0002302D /* UITextField+YJSuperExt.h */ = {isa = PBXFileReference; fileEncoding = 4; lastKnownFileType = sourcecode.c.h; path = "UITextField+YJSuperExt.h"; sourceTree = "<group>"; };
		632D991D1F1DDCBD0002302D /* UITextField+YJSuperExt.m */ = {isa = PBXFileReference; fileEncoding = 4; lastKnownFileType = sourcecode.c.objc; path = "UITextField+YJSuperExt.m"; sourceTree = "<group>"; };
		6348FC241E6FFE8D007C1D96 /* NSArray+YJBlock.h */ = {isa = PBXFileReference; fileEncoding = 4; lastKnownFileType = sourcecode.c.h; path = "NSArray+YJBlock.h"; sourceTree = "<group>"; };
		6348FC251E6FFE8D007C1D96 /* NSArray+YJBlock.m */ = {isa = PBXFileReference; fileEncoding = 4; lastKnownFileType = sourcecode.c.objc; path = "NSArray+YJBlock.m"; sourceTree = "<group>"; };
		6348FC261E6FFE8D007C1D96 /* NSArray+YJSuperExt.h */ = {isa = PBXFileReference; fileEncoding = 4; lastKnownFileType = sourcecode.c.h; path = "NSArray+YJSuperExt.h"; sourceTree = "<group>"; };
		6348FC271E6FFE8D007C1D96 /* NSArray+YJSuperExt.m */ = {isa = PBXFileReference; fileEncoding = 4; lastKnownFileType = sourcecode.c.objc; path = "NSArray+YJSuperExt.m"; sourceTree = "<group>"; };
		6348FC291E6FFE8D007C1D96 /* NSBundle+YJSuperExt.h */ = {isa = PBXFileReference; fileEncoding = 4; lastKnownFileType = sourcecode.c.h; path = "NSBundle+YJSuperExt.h"; sourceTree = "<group>"; };
		6348FC2A1E6FFE8D007C1D96 /* NSBundle+YJSuperExt.m */ = {isa = PBXFileReference; fileEncoding = 4; lastKnownFileType = sourcecode.c.objc; path = "NSBundle+YJSuperExt.m"; sourceTree = "<group>"; };
		6348FC2C1E6FFE8D007C1D96 /* NSData+YJGzip.h */ = {isa = PBXFileReference; fileEncoding = 4; lastKnownFileType = sourcecode.c.h; path = "NSData+YJGzip.h"; sourceTree = "<group>"; };
		6348FC2D1E6FFE8D007C1D96 /* NSData+YJGzip.m */ = {isa = PBXFileReference; fileEncoding = 4; lastKnownFileType = sourcecode.c.objc; path = "NSData+YJGzip.m"; sourceTree = "<group>"; };
		6348FC2E1E6FFE8D007C1D96 /* NSData+YJSuperExt.h */ = {isa = PBXFileReference; fileEncoding = 4; lastKnownFileType = sourcecode.c.h; path = "NSData+YJSuperExt.h"; sourceTree = "<group>"; };
		6348FC2F1E6FFE8D007C1D96 /* NSData+YJSuperExt.m */ = {isa = PBXFileReference; fileEncoding = 4; lastKnownFileType = sourcecode.c.objc; path = "NSData+YJSuperExt.m"; sourceTree = "<group>"; };
		6348FC311E6FFE8D007C1D96 /* NSDate+YJStartEnd.h */ = {isa = PBXFileReference; fileEncoding = 4; lastKnownFileType = sourcecode.c.h; path = "NSDate+YJStartEnd.h"; sourceTree = "<group>"; };
		6348FC321E6FFE8D007C1D96 /* NSDate+YJStartEnd.m */ = {isa = PBXFileReference; fileEncoding = 4; lastKnownFileType = sourcecode.c.objc; path = "NSDate+YJStartEnd.m"; sourceTree = "<group>"; };
		6348FC331E6FFE8D007C1D96 /* NSDate+YJSuperExt.h */ = {isa = PBXFileReference; fileEncoding = 4; lastKnownFileType = sourcecode.c.h; path = "NSDate+YJSuperExt.h"; sourceTree = "<group>"; };
		6348FC341E6FFE8D007C1D96 /* NSDate+YJSuperExt.m */ = {isa = PBXFileReference; fileEncoding = 4; lastKnownFileType = sourcecode.c.objc; path = "NSDate+YJSuperExt.m"; sourceTree = "<group>"; };
		6348FC361E6FFE8D007C1D96 /* NSDateFormatter+YJSuperExt.h */ = {isa = PBXFileReference; fileEncoding = 4; lastKnownFileType = sourcecode.c.h; path = "NSDateFormatter+YJSuperExt.h"; sourceTree = "<group>"; };
		6348FC371E6FFE8D007C1D96 /* NSDateFormatter+YJSuperExt.m */ = {isa = PBXFileReference; fileEncoding = 4; lastKnownFileType = sourcecode.c.objc; path = "NSDateFormatter+YJSuperExt.m"; sourceTree = "<group>"; };
		6348FC391E6FFE8D007C1D96 /* NSDictionary+YJMerge.h */ = {isa = PBXFileReference; fileEncoding = 4; lastKnownFileType = sourcecode.c.h; path = "NSDictionary+YJMerge.h"; sourceTree = "<group>"; };
		6348FC3A1E6FFE8D007C1D96 /* NSDictionary+YJMerge.m */ = {isa = PBXFileReference; fileEncoding = 4; lastKnownFileType = sourcecode.c.objc; path = "NSDictionary+YJMerge.m"; sourceTree = "<group>"; };
		6348FC3B1E6FFE8D007C1D96 /* NSDictionary+YJSuperExt.h */ = {isa = PBXFileReference; fileEncoding = 4; lastKnownFileType = sourcecode.c.h; path = "NSDictionary+YJSuperExt.h"; sourceTree = "<group>"; };
		6348FC3C1E6FFE8D007C1D96 /* NSDictionary+YJSuperExt.m */ = {isa = PBXFileReference; fileEncoding = 4; lastKnownFileType = sourcecode.c.objc; path = "NSDictionary+YJSuperExt.m"; sourceTree = "<group>"; };
		6348FC3D1E6FFE8D007C1D96 /* NSDictionary+YJXML.h */ = {isa = PBXFileReference; fileEncoding = 4; lastKnownFileType = sourcecode.c.h; path = "NSDictionary+YJXML.h"; sourceTree = "<group>"; };
		6348FC3E1E6FFE8D007C1D96 /* NSDictionary+YJXML.m */ = {isa = PBXFileReference; fileEncoding = 4; lastKnownFileType = sourcecode.c.objc; path = "NSDictionary+YJXML.m"; sourceTree = "<group>"; };
		6348FC401E6FFE8D007C1D96 /* NSFileManager+YJSuperExt.h */ = {isa = PBXFileReference; fileEncoding = 4; lastKnownFileType = sourcecode.c.h; path = "NSFileManager+YJSuperExt.h"; sourceTree = "<group>"; };
		6348FC411E6FFE8D007C1D96 /* NSFileManager+YJSuperExt.m */ = {isa = PBXFileReference; fileEncoding = 4; lastKnownFileType = sourcecode.c.objc; path = "NSFileManager+YJSuperExt.m"; sourceTree = "<group>"; };
		6348FC431E6FFE8D007C1D96 /* NSIndexPath+YJOffset.h */ = {isa = PBXFileReference; fileEncoding = 4; lastKnownFileType = sourcecode.c.h; path = "NSIndexPath+YJOffset.h"; sourceTree = "<group>"; };
		6348FC441E6FFE8D007C1D96 /* NSIndexPath+YJOffset.m */ = {isa = PBXFileReference; fileEncoding = 4; lastKnownFileType = sourcecode.c.objc; path = "NSIndexPath+YJOffset.m"; sourceTree = "<group>"; };
		6348FC461E6FFE8D007C1D96 /* NSNotificationCenter+YJMainThread.h */ = {isa = PBXFileReference; fileEncoding = 4; lastKnownFileType = sourcecode.c.h; path = "NSNotificationCenter+YJMainThread.h"; sourceTree = "<group>"; };
		6348FC471E6FFE8D007C1D96 /* NSNotificationCenter+YJMainThread.m */ = {isa = PBXFileReference; fileEncoding = 4; lastKnownFileType = sourcecode.c.objc; path = "NSNotificationCenter+YJMainThread.m"; sourceTree = "<group>"; };
		6348FC491E6FFE8D007C1D96 /* NSString+YJContains.h */ = {isa = PBXFileReference; fileEncoding = 4; lastKnownFileType = sourcecode.c.h; path = "NSString+YJContains.h"; sourceTree = "<group>"; };
		6348FC4A1E6FFE8D007C1D96 /* NSString+YJContains.m */ = {isa = PBXFileReference; fileEncoding = 4; lastKnownFileType = sourcecode.c.objc; path = "NSString+YJContains.m"; sourceTree = "<group>"; };
		6348FC4B1E6FFE8D007C1D96 /* NSString+YJMIME.h */ = {isa = PBXFileReference; fileEncoding = 4; lastKnownFileType = sourcecode.c.h; path = "NSString+YJMIME.h"; sourceTree = "<group>"; };
		6348FC4C1E6FFE8D007C1D96 /* NSString+YJMIME.m */ = {isa = PBXFileReference; fileEncoding = 4; lastKnownFileType = sourcecode.c.objc; path = "NSString+YJMIME.m"; sourceTree = "<group>"; };
		6348FC4D1E6FFE8D007C1D96 /* NSString+YJPinYin.h */ = {isa = PBXFileReference; fileEncoding = 4; lastKnownFileType = sourcecode.c.h; path = "NSString+YJPinYin.h"; sourceTree = "<group>"; };
		6348FC4E1E6FFE8D007C1D96 /* NSString+YJPinYin.m */ = {isa = PBXFileReference; fileEncoding = 4; lastKnownFileType = sourcecode.c.objc; path = "NSString+YJPinYin.m"; sourceTree = "<group>"; };
		6348FC4F1E6FFE8D007C1D96 /* NSString+YJSize.h */ = {isa = PBXFileReference; fileEncoding = 4; lastKnownFileType = sourcecode.c.h; path = "NSString+YJSize.h"; sourceTree = "<group>"; };
		6348FC501E6FFE8D007C1D96 /* NSString+YJSize.m */ = {isa = PBXFileReference; fileEncoding = 4; lastKnownFileType = sourcecode.c.objc; path = "NSString+YJSize.m"; sourceTree = "<group>"; };
		6348FC511E6FFE8D007C1D96 /* NSString+YJSpecialCharacter.h */ = {isa = PBXFileReference; fileEncoding = 4; lastKnownFileType = sourcecode.c.h; path = "NSString+YJSpecialCharacter.h"; sourceTree = "<group>"; };
		6348FC521E6FFE8D007C1D96 /* NSString+YJSpecialCharacter.m */ = {isa = PBXFileReference; fileEncoding = 4; lastKnownFileType = sourcecode.c.objc; path = "NSString+YJSpecialCharacter.m"; sourceTree = "<group>"; };
		6348FC531E6FFE8D007C1D96 /* NSString+YJSuperExt.h */ = {isa = PBXFileReference; fileEncoding = 4; lastKnownFileType = sourcecode.c.h; path = "NSString+YJSuperExt.h"; sourceTree = "<group>"; };
		6348FC541E6FFE8D007C1D96 /* NSString+YJSuperExt.m */ = {isa = PBXFileReference; fileEncoding = 4; lastKnownFileType = sourcecode.c.objc; path = "NSString+YJSuperExt.m"; sourceTree = "<group>"; };
		6348FC551E6FFE8D007C1D96 /* NSString+YJVerification.h */ = {isa = PBXFileReference; fileEncoding = 4; lastKnownFileType = sourcecode.c.h; path = "NSString+YJVerification.h"; sourceTree = "<group>"; };
		6348FC561E6FFE8D007C1D96 /* NSString+YJVerification.m */ = {isa = PBXFileReference; fileEncoding = 4; lastKnownFileType = sourcecode.c.objc; path = "NSString+YJVerification.m"; sourceTree = "<group>"; };
		6348FC571E6FFE8D007C1D96 /* NSString+YJXML.h */ = {isa = PBXFileReference; fileEncoding = 4; lastKnownFileType = sourcecode.c.h; path = "NSString+YJXML.h"; sourceTree = "<group>"; };
		6348FC581E6FFE8D007C1D96 /* NSString+YJXML.m */ = {isa = PBXFileReference; fileEncoding = 4; lastKnownFileType = sourcecode.c.objc; path = "NSString+YJXML.m"; sourceTree = "<group>"; };
		6348FC5A1E6FFE8D007C1D96 /* NSTimer+YJBlock.h */ = {isa = PBXFileReference; fileEncoding = 4; lastKnownFileType = sourcecode.c.h; path = "NSTimer+YJBlock.h"; sourceTree = "<group>"; };
		6348FC5B1E6FFE8D007C1D96 /* NSTimer+YJBlock.m */ = {isa = PBXFileReference; fileEncoding = 4; lastKnownFileType = sourcecode.c.objc; path = "NSTimer+YJBlock.m"; sourceTree = "<group>"; };
		6348FC5C1E6FFE8D007C1D96 /* NSTimer+YJSuperExt.h */ = {isa = PBXFileReference; fileEncoding = 4; lastKnownFileType = sourcecode.c.h; path = "NSTimer+YJSuperExt.h"; sourceTree = "<group>"; };
		6348FC5D1E6FFE8D007C1D96 /* NSTimer+YJSuperExt.m */ = {isa = PBXFileReference; fileEncoding = 4; lastKnownFileType = sourcecode.c.objc; path = "NSTimer+YJSuperExt.m"; sourceTree = "<group>"; };
		6348FC5F1E6FFE8D007C1D96 /* NSURL+YJParameters.h */ = {isa = PBXFileReference; fileEncoding = 4; lastKnownFileType = sourcecode.c.h; path = "NSURL+YJParameters.h"; sourceTree = "<group>"; };
		6348FC601E6FFE8D007C1D96 /* NSURL+YJParameters.m */ = {isa = PBXFileReference; fileEncoding = 4; lastKnownFileType = sourcecode.c.objc; path = "NSURL+YJParameters.m"; sourceTree = "<group>"; };
		6348FC631E6FFE8D007C1D96 /* UIApplication+YJAppInfo.h */ = {isa = PBXFileReference; fileEncoding = 4; lastKnownFileType = sourcecode.c.h; path = "UIApplication+YJAppInfo.h"; sourceTree = "<group>"; };
		6348FC641E6FFE8D007C1D96 /* UIApplication+YJAppInfo.m */ = {isa = PBXFileReference; fileEncoding = 4; lastKnownFileType = sourcecode.c.objc; path = "UIApplication+YJAppInfo.m"; sourceTree = "<group>"; };
		6348FC651E6FFE8D007C1D96 /* UIApplication+YJSuperExt.h */ = {isa = PBXFileReference; fileEncoding = 4; lastKnownFileType = sourcecode.c.h; path = "UIApplication+YJSuperExt.h"; sourceTree = "<group>"; };
		6348FC661E6FFE8D007C1D96 /* UIApplication+YJSuperExt.m */ = {isa = PBXFileReference; fileEncoding = 4; lastKnownFileType = sourcecode.c.objc; path = "UIApplication+YJSuperExt.m"; sourceTree = "<group>"; };
		6348FC681E6FFE8D007C1D96 /* UIBezierPath+YJSuperExt.h */ = {isa = PBXFileReference; fileEncoding = 4; lastKnownFileType = sourcecode.c.h; path = "UIBezierPath+YJSuperExt.h"; sourceTree = "<group>"; };
		6348FC691E6FFE8D007C1D96 /* UIBezierPath+YJSuperExt.m */ = {isa = PBXFileReference; fileEncoding = 4; lastKnownFileType = sourcecode.c.objc; path = "UIBezierPath+YJSuperExt.m"; sourceTree = "<group>"; };
		6348FC6B1E6FFE8D007C1D96 /* UIButton+YJSuperExt.h */ = {isa = PBXFileReference; fileEncoding = 4; lastKnownFileType = sourcecode.c.h; path = "UIButton+YJSuperExt.h"; sourceTree = "<group>"; };
		6348FC6C1E6FFE8D007C1D96 /* UIButton+YJSuperExt.m */ = {isa = PBXFileReference; fileEncoding = 4; lastKnownFileType = sourcecode.c.objc; path = "UIButton+YJSuperExt.m"; sourceTree = "<group>"; };
		6348FC6E1E6FFE8D007C1D96 /* UIControl+YJBlock.h */ = {isa = PBXFileReference; fileEncoding = 4; lastKnownFileType = sourcecode.c.h; path = "UIControl+YJBlock.h"; sourceTree = "<group>"; };
		6348FC6F1E6FFE8D007C1D96 /* UIControl+YJBlock.m */ = {isa = PBXFileReference; fileEncoding = 4; lastKnownFileType = sourcecode.c.objc; path = "UIControl+YJBlock.m"; sourceTree = "<group>"; };
		6348FC701E6FFE8D007C1D96 /* UIControl+YJSuperExt.h */ = {isa = PBXFileReference; fileEncoding = 4; lastKnownFileType = sourcecode.c.h; path = "UIControl+YJSuperExt.h"; sourceTree = "<group>"; };
		6348FC711E6FFE8D007C1D96 /* UIControl+YJSuperExt.m */ = {isa = PBXFileReference; fileEncoding = 4; lastKnownFileType = sourcecode.c.objc; path = "UIControl+YJSuperExt.m"; sourceTree = "<group>"; };
		6348FC731E6FFE8D007C1D96 /* UIDevice+YJSuperExt.h */ = {isa = PBXFileReference; fileEncoding = 4; lastKnownFileType = sourcecode.c.h; path = "UIDevice+YJSuperExt.h"; sourceTree = "<group>"; };
		6348FC741E6FFE8D007C1D96 /* UIDevice+YJSuperExt.m */ = {isa = PBXFileReference; fileEncoding = 4; lastKnownFileType = sourcecode.c.objc; path = "UIDevice+YJSuperExt.m"; sourceTree = "<group>"; };
		6348FC761E6FFE8D007C1D96 /* UIFont+YJSuperExt.h */ = {isa = PBXFileReference; fileEncoding = 4; lastKnownFileType = sourcecode.c.h; path = "UIFont+YJSuperExt.h"; sourceTree = "<group>"; };
		6348FC771E6FFE8D007C1D96 /* UIFont+YJSuperExt.m */ = {isa = PBXFileReference; fileEncoding = 4; lastKnownFileType = sourcecode.c.objc; path = "UIFont+YJSuperExt.m"; sourceTree = "<group>"; };
		6348FC791E6FFE8D007C1D96 /* UILabel+YJSuperExt.h */ = {isa = PBXFileReference; fileEncoding = 4; lastKnownFileType = sourcecode.c.h; path = "UILabel+YJSuperExt.h"; sourceTree = "<group>"; };
		6348FC7A1E6FFE8D007C1D96 /* UILabel+YJSuperExt.m */ = {isa = PBXFileReference; fileEncoding = 4; lastKnownFileType = sourcecode.c.objc; path = "UILabel+YJSuperExt.m"; sourceTree = "<group>"; };
		6348FC7C1E6FFE8D007C1D96 /* UINavigationBar+YJSuperExt.h */ = {isa = PBXFileReference; fileEncoding = 4; lastKnownFileType = sourcecode.c.h; path = "UINavigationBar+YJSuperExt.h"; sourceTree = "<group>"; };
		6348FC7D1E6FFE8D007C1D96 /* UINavigationBar+YJSuperExt.m */ = {isa = PBXFileReference; fileEncoding = 4; lastKnownFileType = sourcecode.c.objc; path = "UINavigationBar+YJSuperExt.m"; sourceTree = "<group>"; };
		6348FC7F1E6FFE8D007C1D96 /* UINavigationController+YJSuperExt.h */ = {isa = PBXFileReference; fileEncoding = 4; lastKnownFileType = sourcecode.c.h; path = "UINavigationController+YJSuperExt.h"; sourceTree = "<group>"; };
		6348FC801E6FFE8D007C1D96 /* UINavigationController+YJSuperExt.m */ = {isa = PBXFileReference; fileEncoding = 4; lastKnownFileType = sourcecode.c.objc; path = "UINavigationController+YJSuperExt.m"; sourceTree = "<group>"; };
		6348FC821E6FFE8D007C1D96 /* UIResponder+YJSuperExt.h */ = {isa = PBXFileReference; fileEncoding = 4; lastKnownFileType = sourcecode.c.h; path = "UIResponder+YJSuperExt.h"; sourceTree = "<group>"; };
		6348FC831E6FFE8D007C1D96 /* UIResponder+YJSuperExt.m */ = {isa = PBXFileReference; fileEncoding = 4; lastKnownFileType = sourcecode.c.objc; path = "UIResponder+YJSuperExt.m"; sourceTree = "<group>"; };
		6348FC851E6FFE8D007C1D96 /* UIScrollView+YJPosition.h */ = {isa = PBXFileReference; fileEncoding = 4; lastKnownFileType = sourcecode.c.h; path = "UIScrollView+YJPosition.h"; sourceTree = "<group>"; };
		6348FC861E6FFE8D007C1D96 /* UIScrollView+YJPosition.m */ = {isa = PBXFileReference; fileEncoding = 4; lastKnownFileType = sourcecode.c.objc; path = "UIScrollView+YJPosition.m"; sourceTree = "<group>"; };
		6348FC871E6FFE8D007C1D96 /* UIScrollView+YJSuperExt.h */ = {isa = PBXFileReference; fileEncoding = 4; lastKnownFileType = sourcecode.c.h; path = "UIScrollView+YJSuperExt.h"; sourceTree = "<group>"; };
		6348FC881E6FFE8D007C1D96 /* UIScrollView+YJSuperExt.m */ = {isa = PBXFileReference; fileEncoding = 4; lastKnownFileType = sourcecode.c.objc; path = "UIScrollView+YJSuperExt.m"; sourceTree = "<group>"; };
		6348FC8A1E6FFE8D007C1D96 /* UITableView+YJSuperExt.h */ = {isa = PBXFileReference; fileEncoding = 4; lastKnownFileType = sourcecode.c.h; path = "UITableView+YJSuperExt.h"; sourceTree = "<group>"; };
		6348FC8B1E6FFE8D007C1D96 /* UITableView+YJSuperExt.m */ = {isa = PBXFileReference; fileEncoding = 4; lastKnownFileType = sourcecode.c.objc; path = "UITableView+YJSuperExt.m"; sourceTree = "<group>"; };
		6348FC8D1E6FFE8D007C1D96 /* UITableViewCell+YJNib.h */ = {isa = PBXFileReference; fileEncoding = 4; lastKnownFileType = sourcecode.c.h; path = "UITableViewCell+YJNib.h"; sourceTree = "<group>"; };
		6348FC8E1E6FFE8D007C1D96 /* UITableViewCell+YJNib.m */ = {isa = PBXFileReference; fileEncoding = 4; lastKnownFileType = sourcecode.c.objc; path = "UITableViewCell+YJNib.m"; sourceTree = "<group>"; };
		6348FC901E6FFE8D007C1D96 /* UIView+YJAnimation.h */ = {isa = PBXFileReference; fileEncoding = 4; lastKnownFileType = sourcecode.c.h; path = "UIView+YJAnimation.h"; sourceTree = "<group>"; };
		6348FC911E6FFE8D007C1D96 /* UIView+YJAnimation.m */ = {isa = PBXFileReference; fileEncoding = 4; lastKnownFileType = sourcecode.c.objc; path = "UIView+YJAnimation.m"; sourceTree = "<group>"; };
		6348FC921E6FFE8D007C1D96 /* UIView+YJConstraints.h */ = {isa = PBXFileReference; fileEncoding = 4; lastKnownFileType = sourcecode.c.h; path = "UIView+YJConstraints.h"; sourceTree = "<group>"; };
		6348FC931E6FFE8D007C1D96 /* UIView+YJConstraints.m */ = {isa = PBXFileReference; fileEncoding = 4; lastKnownFileType = sourcecode.c.objc; path = "UIView+YJConstraints.m"; sourceTree = "<group>"; };
		6348FC941E6FFE8D007C1D96 /* UIView+YJCustomBorder.h */ = {isa = PBXFileReference; fileEncoding = 4; lastKnownFileType = sourcecode.c.h; path = "UIView+YJCustomBorder.h"; sourceTree = "<group>"; };
		6348FC951E6FFE8D007C1D96 /* UIView+YJCustomBorder.m */ = {isa = PBXFileReference; fileEncoding = 4; lastKnownFileType = sourcecode.c.objc; path = "UIView+YJCustomBorder.m"; sourceTree = "<group>"; };
		6348FC961E6FFE8D007C1D96 /* UIView+YJDraggable.h */ = {isa = PBXFileReference; fileEncoding = 4; lastKnownFileType = sourcecode.c.h; path = "UIView+YJDraggable.h"; sourceTree = "<group>"; };
		6348FC971E6FFE8D007C1D96 /* UIView+YJDraggable.m */ = {isa = PBXFileReference; fileEncoding = 4; lastKnownFileType = sourcecode.c.objc; path = "UIView+YJDraggable.m"; sourceTree = "<group>"; };
		6348FC981E6FFE8D007C1D96 /* UIView+YJFind.h */ = {isa = PBXFileReference; fileEncoding = 4; lastKnownFileType = sourcecode.c.h; path = "UIView+YJFind.h"; sourceTree = "<group>"; };
		6348FC991E6FFE8D007C1D96 /* UIView+YJFind.m */ = {isa = PBXFileReference; fileEncoding = 4; lastKnownFileType = sourcecode.c.objc; path = "UIView+YJFind.m"; sourceTree = "<group>"; };
		6348FC9A1E6FFE8D007C1D96 /* UIView+YJFrame.h */ = {isa = PBXFileReference; fileEncoding = 4; lastKnownFileType = sourcecode.c.h; path = "UIView+YJFrame.h"; sourceTree = "<group>"; };
		6348FC9B1E6FFE8D007C1D96 /* UIView+YJFrame.m */ = {isa = PBXFileReference; fileEncoding = 4; lastKnownFileType = sourcecode.c.objc; path = "UIView+YJFrame.m"; sourceTree = "<group>"; };
		6348FC9C1E6FFE8D007C1D96 /* UIView+YJGestureBlock.h */ = {isa = PBXFileReference; fileEncoding = 4; lastKnownFileType = sourcecode.c.h; path = "UIView+YJGestureBlock.h"; sourceTree = "<group>"; };
		6348FC9D1E6FFE8D007C1D96 /* UIView+YJGestureBlock.m */ = {isa = PBXFileReference; fileEncoding = 4; lastKnownFileType = sourcecode.c.objc; path = "UIView+YJGestureBlock.m"; sourceTree = "<group>"; };
		6348FC9E1E6FFE8D007C1D96 /* UIView+YJLoadNib.h */ = {isa = PBXFileReference; fileEncoding = 4; lastKnownFileType = sourcecode.c.h; path = "UIView+YJLoadNib.h"; sourceTree = "<group>"; };
		6348FC9F1E6FFE8D007C1D96 /* UIView+YJLoadNib.m */ = {isa = PBXFileReference; fileEncoding = 4; lastKnownFileType = sourcecode.c.objc; path = "UIView+YJLoadNib.m"; sourceTree = "<group>"; };
		6348FCA01E6FFE8D007C1D96 /* UIView+YJRecursion.h */ = {isa = PBXFileReference; fileEncoding = 4; lastKnownFileType = sourcecode.c.h; path = "UIView+YJRecursion.h"; sourceTree = "<group>"; };
		6348FCA11E6FFE8D007C1D96 /* UIView+YJRecursion.m */ = {isa = PBXFileReference; fileEncoding = 4; lastKnownFileType = sourcecode.c.objc; path = "UIView+YJRecursion.m"; sourceTree = "<group>"; };
		6348FCA21E6FFE8D007C1D96 /* UIView+YJScreenshot.h */ = {isa = PBXFileReference; fileEncoding = 4; lastKnownFileType = sourcecode.c.h; path = "UIView+YJScreenshot.h"; sourceTree = "<group>"; };
		6348FCA31E6FFE8D007C1D96 /* UIView+YJScreenshot.m */ = {isa = PBXFileReference; fileEncoding = 4; lastKnownFileType = sourcecode.c.objc; path = "UIView+YJScreenshot.m"; sourceTree = "<group>"; };
		6348FCA41E6FFE8D007C1D96 /* UIView+YJShake.h */ = {isa = PBXFileReference; fileEncoding = 4; lastKnownFileType = sourcecode.c.h; path = "UIView+YJShake.h"; sourceTree = "<group>"; };
		6348FCA51E6FFE8D007C1D96 /* UIView+YJShake.m */ = {isa = PBXFileReference; fileEncoding = 4; lastKnownFileType = sourcecode.c.objc; path = "UIView+YJShake.m"; sourceTree = "<group>"; };
		6348FCA61E6FFE8D007C1D96 /* UIView+YJVisuals.h */ = {isa = PBXFileReference; fileEncoding = 4; lastKnownFileType = sourcecode.c.h; path = "UIView+YJVisuals.h"; sourceTree = "<group>"; };
		6348FCA71E6FFE8D007C1D96 /* UIView+YJVisuals.m */ = {isa = PBXFileReference; fileEncoding = 4; lastKnownFileType = sourcecode.c.objc; path = "UIView+YJVisuals.m"; sourceTree = "<group>"; };
		6348FCA91E6FFE8D007C1D96 /* UIViewController+YJBackButtonBlock.h */ = {isa = PBXFileReference; fileEncoding = 4; lastKnownFileType = sourcecode.c.h; path = "UIViewController+YJBackButtonBlock.h"; sourceTree = "<group>"; };
		6348FCAA1E6FFE8D007C1D96 /* UIViewController+YJBackButtonBlock.m */ = {isa = PBXFileReference; fileEncoding = 4; lastKnownFileType = sourcecode.c.objc; path = "UIViewController+YJBackButtonBlock.m"; sourceTree = "<group>"; };
		6348FCAB1E6FFE8D007C1D96 /* UIViewController+YJSuperExt.h */ = {isa = PBXFileReference; fileEncoding = 4; lastKnownFileType = sourcecode.c.h; path = "UIViewController+YJSuperExt.h"; sourceTree = "<group>"; };
		6348FCAC1E6FFE8D007C1D96 /* UIViewController+YJSuperExt.m */ = {isa = PBXFileReference; fileEncoding = 4; lastKnownFileType = sourcecode.c.objc; path = "UIViewController+YJSuperExt.m"; sourceTree = "<group>"; };
		6348FCAE1E6FFE8D007C1D96 /* UIWindow+YJSuperExt.h */ = {isa = PBXFileReference; fileEncoding = 4; lastKnownFileType = sourcecode.c.h; path = "UIWindow+YJSuperExt.h"; sourceTree = "<group>"; };
		6348FCAF1E6FFE8D007C1D96 /* UIWindow+YJSuperExt.m */ = {isa = PBXFileReference; fileEncoding = 4; lastKnownFileType = sourcecode.c.objc; path = "UIWindow+YJSuperExt.m"; sourceTree = "<group>"; };
		6348FCB01E6FFE8D007C1D96 /* YJCategories.h */ = {isa = PBXFileReference; fileEncoding = 4; lastKnownFileType = sourcecode.c.h; path = YJCategories.h; sourceTree = "<group>"; };
		6348FCB11E6FFE8D007C1D96 /* YJFoundation.h */ = {isa = PBXFileReference; fileEncoding = 4; lastKnownFileType = sourcecode.c.h; path = YJFoundation.h; sourceTree = "<group>"; };
		6348FCB21E6FFE8D007C1D96 /* YJUIKit.h */ = {isa = PBXFileReference; fileEncoding = 4; lastKnownFileType = sourcecode.c.h; path = YJUIKit.h; sourceTree = "<group>"; };
		637242601E8F4FDF0014BE40 /* NSObject+YJSuperExt.h */ = {isa = PBXFileReference; fileEncoding = 4; lastKnownFileType = sourcecode.c.h; path = "NSObject+YJSuperExt.h"; sourceTree = "<group>"; };
		637242611E8F4FDF0014BE40 /* NSObject+YJSuperExt.m */ = {isa = PBXFileReference; fileEncoding = 4; lastKnownFileType = sourcecode.c.objc; path = "NSObject+YJSuperExt.m"; sourceTree = "<group>"; };
		637242641E8F50C10014BE40 /* PersonModel.h */ = {isa = PBXFileReference; fileEncoding = 4; lastKnownFileType = sourcecode.c.h; path = PersonModel.h; sourceTree = "<group>"; };
		637242651E8F50C10014BE40 /* PersonModel.m */ = {isa = PBXFileReference; fileEncoding = 4; lastKnownFileType = sourcecode.c.objc; path = PersonModel.m; sourceTree = "<group>"; };
		63AB04A81E77ED4D00754C01 /* UIBarButtonItem+YJBadge.h */ = {isa = PBXFileReference; fileEncoding = 4; lastKnownFileType = sourcecode.c.h; path = "UIBarButtonItem+YJBadge.h"; sourceTree = "<group>"; };
		63AB04A91E77ED4D00754C01 /* UIBarButtonItem+YJBadge.m */ = {isa = PBXFileReference; fileEncoding = 4; lastKnownFileType = sourcecode.c.objc; path = "UIBarButtonItem+YJBadge.m"; sourceTree = "<group>"; };
		63BB19AB1ED2F4E600A7165B /* NSMutableArray+YJSuperExt.h */ = {isa = PBXFileReference; fileEncoding = 4; lastKnownFileType = sourcecode.c.h; path = "NSMutableArray+YJSuperExt.h"; sourceTree = "<group>"; };
		63BB19AC1ED2F4E600A7165B /* NSMutableArray+YJSuperExt.m */ = {isa = PBXFileReference; fileEncoding = 4; lastKnownFileType = sourcecode.c.objc; path = "NSMutableArray+YJSuperExt.m"; sourceTree = "<group>"; };
		63D38FDD1E6D5F900067C967 /* SubViewController.h */ = {isa = PBXFileReference; fileEncoding = 4; lastKnownFileType = sourcecode.c.h; path = SubViewController.h; sourceTree = "<group>"; };
		63D38FDE1E6D5F900067C967 /* SubViewController.m */ = {isa = PBXFileReference; fileEncoding = 4; lastKnownFileType = sourcecode.c.objc; path = SubViewController.m; sourceTree = "<group>"; };
		63D7C8671E793005005BE05F /* UIView+YJBadge.h */ = {isa = PBXFileReference; fileEncoding = 4; lastKnownFileType = sourcecode.c.h; path = "UIView+YJBadge.h"; sourceTree = "<group>"; };
		63D7C8681E793005005BE05F /* UIView+YJBadge.m */ = {isa = PBXFileReference; fileEncoding = 4; lastKnownFileType = sourcecode.c.objc; path = "UIView+YJBadge.m"; sourceTree = "<group>"; };
		63D7C86A1E7939F3005BE05F /* UIButton+YJImagePosition.h */ = {isa = PBXFileReference; fileEncoding = 4; lastKnownFileType = sourcecode.c.h; path = "UIButton+YJImagePosition.h"; sourceTree = "<group>"; };
		63D7C86B1E7939F3005BE05F /* UIButton+YJImagePosition.m */ = {isa = PBXFileReference; fileEncoding = 4; lastKnownFileType = sourcecode.c.objc; path = "UIButton+YJImagePosition.m"; sourceTree = "<group>"; };
		63E07D8B1EA0CFF400EB8F3F /* UIViewController+YJFullScreenSupport.h */ = {isa = PBXFileReference; fileEncoding = 4; lastKnownFileType = sourcecode.c.h; path = "UIViewController+YJFullScreenSupport.h"; sourceTree = "<group>"; };
		63E07D8C1EA0CFF400EB8F3F /* UIViewController+YJFullScreenSupport.m */ = {isa = PBXFileReference; fileEncoding = 4; lastKnownFileType = sourcecode.c.objc; path = "UIViewController+YJFullScreenSupport.m"; sourceTree = "<group>"; };
		63F04B2C1E56E2A5007F0DDA /* YJCategoriesGather.app */ = {isa = PBXFileReference; explicitFileType = wrapper.application; includeInIndex = 0; path = YJCategoriesGather.app; sourceTree = BUILT_PRODUCTS_DIR; };
		63F04B301E56E2A5007F0DDA /* main.m */ = {isa = PBXFileReference; lastKnownFileType = sourcecode.c.objc; path = main.m; sourceTree = "<group>"; };
		63F04B321E56E2A5007F0DDA /* AppDelegate.h */ = {isa = PBXFileReference; lastKnownFileType = sourcecode.c.h; path = AppDelegate.h; sourceTree = "<group>"; };
		63F04B331E56E2A5007F0DDA /* AppDelegate.m */ = {isa = PBXFileReference; lastKnownFileType = sourcecode.c.objc; path = AppDelegate.m; sourceTree = "<group>"; };
		63F04B351E56E2A5007F0DDA /* ViewController.h */ = {isa = PBXFileReference; lastKnownFileType = sourcecode.c.h; path = ViewController.h; sourceTree = "<group>"; };
		63F04B361E56E2A5007F0DDA /* ViewController.m */ = {isa = PBXFileReference; lastKnownFileType = sourcecode.c.objc; path = ViewController.m; sourceTree = "<group>"; };
		63F04B391E56E2A5007F0DDA /* Base */ = {isa = PBXFileReference; lastKnownFileType = file.storyboard; name = Base; path = Base.lproj/Main.storyboard; sourceTree = "<group>"; };
		63F04B3B1E56E2A5007F0DDA /* Assets.xcassets */ = {isa = PBXFileReference; lastKnownFileType = folder.assetcatalog; path = Assets.xcassets; sourceTree = "<group>"; };
		63F04B3E1E56E2A5007F0DDA /* Base */ = {isa = PBXFileReference; lastKnownFileType = file.storyboard; name = Base; path = Base.lproj/LaunchScreen.storyboard; sourceTree = "<group>"; };
		63F04B401E56E2A5007F0DDA /* Info.plist */ = {isa = PBXFileReference; lastKnownFileType = text.plist.xml; path = Info.plist; sourceTree = "<group>"; };
		63F04B7A1E56FCDF007F0DDA /* PrefixHeader.pch */ = {isa = PBXFileReference; fileEncoding = 4; lastKnownFileType = sourcecode.c.h; path = PrefixHeader.pch; sourceTree = "<group>"; };
		63F04B7C1E57037D007F0DDA /* libresolv.9.tbd */ = {isa = PBXFileReference; lastKnownFileType = "sourcecode.text-based-dylib-definition"; name = libresolv.9.tbd; path = usr/lib/libresolv.9.tbd; sourceTree = SDKROOT; };
/* End PBXFileReference section */

/* Begin PBXFrameworksBuildPhase section */
		63F04B291E56E2A5007F0DDA /* Frameworks */ = {
			isa = PBXFrameworksBuildPhase;
			buildActionMask = 2147483647;
			files = (
				63F04B7D1E57037D007F0DDA /* libresolv.9.tbd in Frameworks */,
			);
			runOnlyForDeploymentPostprocessing = 0;
		};
/* End PBXFrameworksBuildPhase section */

/* Begin PBXGroup section */
		631E7E841E727EC6004639B1 /* Views */ = {
			isa = PBXGroup;
			children = (
				631E7E851E727EE3004639B1 /* DrawView.h */,
				631E7E861E727EE3004639B1 /* DrawView.m */,
			);
			path = Views;
			sourceTree = "<group>";
		};
		632B9E4D1F134A94003FE595 /* UIImage */ = {
			isa = PBXGroup;
			children = (
				632B9E4E1F134ABE003FE595 /* UIImage+YJReSize.h */,
				632B9E4F1F134ABE003FE595 /* UIImage+YJReSize.m */,
				632B9E511F134BAA003FE595 /* UIImage+YJAlpha.h */,
				632B9E521F134BAB003FE595 /* UIImage+YJAlpha.m */,
				632B9E541F134C47003FE595 /* UIImage+YJRoundedCorner.h */,
				632B9E551F134C47003FE595 /* UIImage+YJRoundedCorner.m */,
			);
			path = UIImage;
			sourceTree = "<group>";
		};
		632BB20D1E68145E00D5345F /* Resources */ = {
			isa = PBXGroup;
			children = (
				632BB20E1E68145E00D5345F /* SampleFile.txt */,
			);
			path = Resources;
			sourceTree = "<group>";
		};
		632D991B1F1DDCA80002302D /* UITextField */ = {
			isa = PBXGroup;
			children = (
				632D991C1F1DDCBD0002302D /* UITextField+YJSuperExt.h */,
				632D991D1F1DDCBD0002302D /* UITextField+YJSuperExt.m */,
			);
			path = UITextField;
			sourceTree = "<group>";
		};
		6348FC211E6FFE8D007C1D96 /* YJCategories */ = {
			isa = PBXGroup;
			children = (
				6348FC221E6FFE8D007C1D96 /* Foundation */,
				6348FC611E6FFE8D007C1D96 /* UIKit */,
				6348FCB01E6FFE8D007C1D96 /* YJCategories.h */,
				6348FCB11E6FFE8D007C1D96 /* YJFoundation.h */,
				6348FCB21E6FFE8D007C1D96 /* YJUIKit.h */,
			);
			path = YJCategories;
			sourceTree = "<group>";
		};
		6348FC221E6FFE8D007C1D96 /* Foundation */ = {
			isa = PBXGroup;
			children = (
				63BB19AA1ED2F4D400A7165B /* NSMutableArray */,
				6372425F1E8F4FBE0014BE40 /* NSObject */,
				6348FC231E6FFE8D007C1D96 /* NSArray */,
				6348FC281E6FFE8D007C1D96 /* NSBundle */,
				6348FC2B1E6FFE8D007C1D96 /* NSData */,
				6348FC301E6FFE8D007C1D96 /* NSDate */,
				6348FC351E6FFE8D007C1D96 /* NSDateFormatter */,
				6348FC381E6FFE8D007C1D96 /* NSDictionary */,
				6348FC3F1E6FFE8D007C1D96 /* NSFileManager */,
				6348FC421E6FFE8D007C1D96 /* NSIndexPath */,
				6348FC451E6FFE8D007C1D96 /* NSNotificationCenter */,
				6348FC481E6FFE8D007C1D96 /* NSString */,
				6348FC591E6FFE8D007C1D96 /* NSTimer */,
				6348FC5E1E6FFE8D007C1D96 /* NSURL */,
			);
			path = Foundation;
			sourceTree = "<group>";
		};
		6348FC231E6FFE8D007C1D96 /* NSArray */ = {
			isa = PBXGroup;
			children = (
				6348FC241E6FFE8D007C1D96 /* NSArray+YJBlock.h */,
				6348FC251E6FFE8D007C1D96 /* NSArray+YJBlock.m */,
				6348FC261E6FFE8D007C1D96 /* NSArray+YJSuperExt.h */,
				6348FC271E6FFE8D007C1D96 /* NSArray+YJSuperExt.m */,
			);
			path = NSArray;
			sourceTree = "<group>";
		};
		6348FC281E6FFE8D007C1D96 /* NSBundle */ = {
			isa = PBXGroup;
			children = (
				6348FC291E6FFE8D007C1D96 /* NSBundle+YJSuperExt.h */,
				6348FC2A1E6FFE8D007C1D96 /* NSBundle+YJSuperExt.m */,
			);
			path = NSBundle;
			sourceTree = "<group>";
		};
		6348FC2B1E6FFE8D007C1D96 /* NSData */ = {
			isa = PBXGroup;
			children = (
				6348FC2C1E6FFE8D007C1D96 /* NSData+YJGzip.h */,
				6348FC2D1E6FFE8D007C1D96 /* NSData+YJGzip.m */,
				6348FC2E1E6FFE8D007C1D96 /* NSData+YJSuperExt.h */,
				6348FC2F1E6FFE8D007C1D96 /* NSData+YJSuperExt.m */,
			);
			path = NSData;
			sourceTree = "<group>";
		};
		6348FC301E6FFE8D007C1D96 /* NSDate */ = {
			isa = PBXGroup;
			children = (
				6348FC311E6FFE8D007C1D96 /* NSDate+YJStartEnd.h */,
				6348FC321E6FFE8D007C1D96 /* NSDate+YJStartEnd.m */,
				6348FC331E6FFE8D007C1D96 /* NSDate+YJSuperExt.h */,
				6348FC341E6FFE8D007C1D96 /* NSDate+YJSuperExt.m */,
			);
			path = NSDate;
			sourceTree = "<group>";
		};
		6348FC351E6FFE8D007C1D96 /* NSDateFormatter */ = {
			isa = PBXGroup;
			children = (
				6348FC361E6FFE8D007C1D96 /* NSDateFormatter+YJSuperExt.h */,
				6348FC371E6FFE8D007C1D96 /* NSDateFormatter+YJSuperExt.m */,
			);
			path = NSDateFormatter;
			sourceTree = "<group>";
		};
		6348FC381E6FFE8D007C1D96 /* NSDictionary */ = {
			isa = PBXGroup;
			children = (
				6348FC391E6FFE8D007C1D96 /* NSDictionary+YJMerge.h */,
				6348FC3A1E6FFE8D007C1D96 /* NSDictionary+YJMerge.m */,
				6348FC3B1E6FFE8D007C1D96 /* NSDictionary+YJSuperExt.h */,
				6348FC3C1E6FFE8D007C1D96 /* NSDictionary+YJSuperExt.m */,
				6348FC3D1E6FFE8D007C1D96 /* NSDictionary+YJXML.h */,
				6348FC3E1E6FFE8D007C1D96 /* NSDictionary+YJXML.m */,
			);
			path = NSDictionary;
			sourceTree = "<group>";
		};
		6348FC3F1E6FFE8D007C1D96 /* NSFileManager */ = {
			isa = PBXGroup;
			children = (
				6348FC401E6FFE8D007C1D96 /* NSFileManager+YJSuperExt.h */,
				6348FC411E6FFE8D007C1D96 /* NSFileManager+YJSuperExt.m */,
			);
			path = NSFileManager;
			sourceTree = "<group>";
		};
		6348FC421E6FFE8D007C1D96 /* NSIndexPath */ = {
			isa = PBXGroup;
			children = (
				6348FC431E6FFE8D007C1D96 /* NSIndexPath+YJOffset.h */,
				6348FC441E6FFE8D007C1D96 /* NSIndexPath+YJOffset.m */,
			);
			path = NSIndexPath;
			sourceTree = "<group>";
		};
		6348FC451E6FFE8D007C1D96 /* NSNotificationCenter */ = {
			isa = PBXGroup;
			children = (
				6348FC461E6FFE8D007C1D96 /* NSNotificationCenter+YJMainThread.h */,
				6348FC471E6FFE8D007C1D96 /* NSNotificationCenter+YJMainThread.m */,
			);
			path = NSNotificationCenter;
			sourceTree = "<group>";
		};
		6348FC481E6FFE8D007C1D96 /* NSString */ = {
			isa = PBXGroup;
			children = (
				6348FC491E6FFE8D007C1D96 /* NSString+YJContains.h */,
				6348FC4A1E6FFE8D007C1D96 /* NSString+YJContains.m */,
				6348FC4B1E6FFE8D007C1D96 /* NSString+YJMIME.h */,
				6348FC4C1E6FFE8D007C1D96 /* NSString+YJMIME.m */,
				6348FC4D1E6FFE8D007C1D96 /* NSString+YJPinYin.h */,
				6348FC4E1E6FFE8D007C1D96 /* NSString+YJPinYin.m */,
				6348FC4F1E6FFE8D007C1D96 /* NSString+YJSize.h */,
				6348FC501E6FFE8D007C1D96 /* NSString+YJSize.m */,
				6348FC511E6FFE8D007C1D96 /* NSString+YJSpecialCharacter.h */,
				6348FC521E6FFE8D007C1D96 /* NSString+YJSpecialCharacter.m */,
				6348FC531E6FFE8D007C1D96 /* NSString+YJSuperExt.h */,
				6348FC541E6FFE8D007C1D96 /* NSString+YJSuperExt.m */,
				6348FC551E6FFE8D007C1D96 /* NSString+YJVerification.h */,
				6348FC561E6FFE8D007C1D96 /* NSString+YJVerification.m */,
				6348FC571E6FFE8D007C1D96 /* NSString+YJXML.h */,
				6348FC581E6FFE8D007C1D96 /* NSString+YJXML.m */,
			);
			path = NSString;
			sourceTree = "<group>";
		};
		6348FC591E6FFE8D007C1D96 /* NSTimer */ = {
			isa = PBXGroup;
			children = (
				6348FC5A1E6FFE8D007C1D96 /* NSTimer+YJBlock.h */,
				6348FC5B1E6FFE8D007C1D96 /* NSTimer+YJBlock.m */,
				6348FC5C1E6FFE8D007C1D96 /* NSTimer+YJSuperExt.h */,
				6348FC5D1E6FFE8D007C1D96 /* NSTimer+YJSuperExt.m */,
			);
			path = NSTimer;
			sourceTree = "<group>";
		};
		6348FC5E1E6FFE8D007C1D96 /* NSURL */ = {
			isa = PBXGroup;
			children = (
				6348FC5F1E6FFE8D007C1D96 /* NSURL+YJParameters.h */,
				6348FC601E6FFE8D007C1D96 /* NSURL+YJParameters.m */,
			);
			path = NSURL;
			sourceTree = "<group>";
		};
		6348FC611E6FFE8D007C1D96 /* UIKit */ = {
			isa = PBXGroup;
			children = (
				632D991B1F1DDCA80002302D /* UITextField */,
				632B9E4D1F134A94003FE595 /* UIImage */,
				63AB04A71E77ED3000754C01 /* UIBarButtonItem */,
				6348FC621E6FFE8D007C1D96 /* UIApplication */,
				6348FC671E6FFE8D007C1D96 /* UIBezierPath */,
				6348FC6A1E6FFE8D007C1D96 /* UIButton */,
				6348FC6D1E6FFE8D007C1D96 /* UIControl */,
				6348FC721E6FFE8D007C1D96 /* UIDevice */,
				6348FC751E6FFE8D007C1D96 /* UIFont */,
				6348FC781E6FFE8D007C1D96 /* UILabel */,
				6348FC7B1E6FFE8D007C1D96 /* UINavigationBar */,
				6348FC7E1E6FFE8D007C1D96 /* UINavigationController */,
				6348FC811E6FFE8D007C1D96 /* UIResponder */,
				6348FC841E6FFE8D007C1D96 /* UIScrollView */,
				6348FC891E6FFE8D007C1D96 /* UITableView */,
				6348FC8C1E6FFE8D007C1D96 /* UITableViewCell */,
				6348FC8F1E6FFE8D007C1D96 /* UIView */,
				6348FCA81E6FFE8D007C1D96 /* UIViewController */,
				6348FCAD1E6FFE8D007C1D96 /* UIWindow */,
			);
			path = UIKit;
			sourceTree = "<group>";
		};
		6348FC621E6FFE8D007C1D96 /* UIApplication */ = {
			isa = PBXGroup;
			children = (
				6348FC631E6FFE8D007C1D96 /* UIApplication+YJAppInfo.h */,
				6348FC641E6FFE8D007C1D96 /* UIApplication+YJAppInfo.m */,
				6348FC651E6FFE8D007C1D96 /* UIApplication+YJSuperExt.h */,
				6348FC661E6FFE8D007C1D96 /* UIApplication+YJSuperExt.m */,
			);
			path = UIApplication;
			sourceTree = "<group>";
		};
		6348FC671E6FFE8D007C1D96 /* UIBezierPath */ = {
			isa = PBXGroup;
			children = (
				6348FC681E6FFE8D007C1D96 /* UIBezierPath+YJSuperExt.h */,
				6348FC691E6FFE8D007C1D96 /* UIBezierPath+YJSuperExt.m */,
				632CC7B11E7695F300BB69FE /* UIBezierPath+YJBasicShapes.h */,
				632CC7B21E7695F300BB69FE /* UIBezierPath+YJBasicShapes.m */,
				632CC7B41E7697D800BB69FE /* UIBezierPath+YJSymbol.h */,
				632CC7B51E7697D800BB69FE /* UIBezierPath+YJSymbol.m */,
				632CC7B71E769D0C00BB69FE /* UIBezierPath+YJLength.h */,
				632CC7B81E769D0C00BB69FE /* UIBezierPath+YJLength.m */,
			);
			path = UIBezierPath;
			sourceTree = "<group>";
		};
		6348FC6A1E6FFE8D007C1D96 /* UIButton */ = {
			isa = PBXGroup;
			children = (
				6348FC6B1E6FFE8D007C1D96 /* UIButton+YJSuperExt.h */,
				6348FC6C1E6FFE8D007C1D96 /* UIButton+YJSuperExt.m */,
				63D7C86A1E7939F3005BE05F /* UIButton+YJImagePosition.h */,
				63D7C86B1E7939F3005BE05F /* UIButton+YJImagePosition.m */,
			);
			path = UIButton;
			sourceTree = "<group>";
		};
		6348FC6D1E6FFE8D007C1D96 /* UIControl */ = {
			isa = PBXGroup;
			children = (
				6348FC6E1E6FFE8D007C1D96 /* UIControl+YJBlock.h */,
				6348FC6F1E6FFE8D007C1D96 /* UIControl+YJBlock.m */,
				6348FC701E6FFE8D007C1D96 /* UIControl+YJSuperExt.h */,
				6348FC711E6FFE8D007C1D96 /* UIControl+YJSuperExt.m */,
			);
			path = UIControl;
			sourceTree = "<group>";
		};
		6348FC721E6FFE8D007C1D96 /* UIDevice */ = {
			isa = PBXGroup;
			children = (
				6348FC731E6FFE8D007C1D96 /* UIDevice+YJSuperExt.h */,
				6348FC741E6FFE8D007C1D96 /* UIDevice+YJSuperExt.m */,
			);
			path = UIDevice;
			sourceTree = "<group>";
		};
		6348FC751E6FFE8D007C1D96 /* UIFont */ = {
			isa = PBXGroup;
			children = (
				6348FC761E6FFE8D007C1D96 /* UIFont+YJSuperExt.h */,
				6348FC771E6FFE8D007C1D96 /* UIFont+YJSuperExt.m */,
			);
			path = UIFont;
			sourceTree = "<group>";
		};
		6348FC781E6FFE8D007C1D96 /* UILabel */ = {
			isa = PBXGroup;
			children = (
				6348FC791E6FFE8D007C1D96 /* UILabel+YJSuperExt.h */,
				6348FC7A1E6FFE8D007C1D96 /* UILabel+YJSuperExt.m */,
			);
			path = UILabel;
			sourceTree = "<group>";
		};
		6348FC7B1E6FFE8D007C1D96 /* UINavigationBar */ = {
			isa = PBXGroup;
			children = (
				6348FC7C1E6FFE8D007C1D96 /* UINavigationBar+YJSuperExt.h */,
				6348FC7D1E6FFE8D007C1D96 /* UINavigationBar+YJSuperExt.m */,
			);
			path = UINavigationBar;
			sourceTree = "<group>";
		};
		6348FC7E1E6FFE8D007C1D96 /* UINavigationController */ = {
			isa = PBXGroup;
			children = (
				6348FC7F1E6FFE8D007C1D96 /* UINavigationController+YJSuperExt.h */,
				6348FC801E6FFE8D007C1D96 /* UINavigationController+YJSuperExt.m */,
			);
			path = UINavigationController;
			sourceTree = "<group>";
		};
		6348FC811E6FFE8D007C1D96 /* UIResponder */ = {
			isa = PBXGroup;
			children = (
				6348FC821E6FFE8D007C1D96 /* UIResponder+YJSuperExt.h */,
				6348FC831E6FFE8D007C1D96 /* UIResponder+YJSuperExt.m */,
			);
			path = UIResponder;
			sourceTree = "<group>";
		};
		6348FC841E6FFE8D007C1D96 /* UIScrollView */ = {
			isa = PBXGroup;
			children = (
				6348FC851E6FFE8D007C1D96 /* UIScrollView+YJPosition.h */,
				6348FC861E6FFE8D007C1D96 /* UIScrollView+YJPosition.m */,
				6348FC871E6FFE8D007C1D96 /* UIScrollView+YJSuperExt.h */,
				6348FC881E6FFE8D007C1D96 /* UIScrollView+YJSuperExt.m */,
			);
			path = UIScrollView;
			sourceTree = "<group>";
		};
		6348FC891E6FFE8D007C1D96 /* UITableView */ = {
			isa = PBXGroup;
			children = (
				6348FC8A1E6FFE8D007C1D96 /* UITableView+YJSuperExt.h */,
				6348FC8B1E6FFE8D007C1D96 /* UITableView+YJSuperExt.m */,
			);
			path = UITableView;
			sourceTree = "<group>";
		};
		6348FC8C1E6FFE8D007C1D96 /* UITableViewCell */ = {
			isa = PBXGroup;
			children = (
				6348FC8D1E6FFE8D007C1D96 /* UITableViewCell+YJNib.h */,
				6348FC8E1E6FFE8D007C1D96 /* UITableViewCell+YJNib.m */,
			);
			path = UITableViewCell;
			sourceTree = "<group>";
		};
		6348FC8F1E6FFE8D007C1D96 /* UIView */ = {
			isa = PBXGroup;
			children = (
				6348FC901E6FFE8D007C1D96 /* UIView+YJAnimation.h */,
				6348FC911E6FFE8D007C1D96 /* UIView+YJAnimation.m */,
				6348FC921E6FFE8D007C1D96 /* UIView+YJConstraints.h */,
				6348FC931E6FFE8D007C1D96 /* UIView+YJConstraints.m */,
				6348FC941E6FFE8D007C1D96 /* UIView+YJCustomBorder.h */,
				6348FC951E6FFE8D007C1D96 /* UIView+YJCustomBorder.m */,
				6348FC961E6FFE8D007C1D96 /* UIView+YJDraggable.h */,
				6348FC971E6FFE8D007C1D96 /* UIView+YJDraggable.m */,
				6348FC981E6FFE8D007C1D96 /* UIView+YJFind.h */,
				6348FC991E6FFE8D007C1D96 /* UIView+YJFind.m */,
				6348FC9A1E6FFE8D007C1D96 /* UIView+YJFrame.h */,
				6348FC9B1E6FFE8D007C1D96 /* UIView+YJFrame.m */,
				6348FC9C1E6FFE8D007C1D96 /* UIView+YJGestureBlock.h */,
				6348FC9D1E6FFE8D007C1D96 /* UIView+YJGestureBlock.m */,
				6348FC9E1E6FFE8D007C1D96 /* UIView+YJLoadNib.h */,
				6348FC9F1E6FFE8D007C1D96 /* UIView+YJLoadNib.m */,
				6348FCA01E6FFE8D007C1D96 /* UIView+YJRecursion.h */,
				6348FCA11E6FFE8D007C1D96 /* UIView+YJRecursion.m */,
				6348FCA21E6FFE8D007C1D96 /* UIView+YJScreenshot.h */,
				6348FCA31E6FFE8D007C1D96 /* UIView+YJScreenshot.m */,
				6348FCA41E6FFE8D007C1D96 /* UIView+YJShake.h */,
				6348FCA51E6FFE8D007C1D96 /* UIView+YJShake.m */,
				6348FCA61E6FFE8D007C1D96 /* UIView+YJVisuals.h */,
				6348FCA71E6FFE8D007C1D96 /* UIView+YJVisuals.m */,
				63D7C8671E793005005BE05F /* UIView+YJBadge.h */,
				63D7C8681E793005005BE05F /* UIView+YJBadge.m */,
			);
			path = UIView;
			sourceTree = "<group>";
		};
		6348FCA81E6FFE8D007C1D96 /* UIViewController */ = {
			isa = PBXGroup;
			children = (
				6348FCA91E6FFE8D007C1D96 /* UIViewController+YJBackButtonBlock.h */,
				6348FCAA1E6FFE8D007C1D96 /* UIViewController+YJBackButtonBlock.m */,
				6348FCAB1E6FFE8D007C1D96 /* UIViewController+YJSuperExt.h */,
				6348FCAC1E6FFE8D007C1D96 /* UIViewController+YJSuperExt.m */,
				63E07D8B1EA0CFF400EB8F3F /* UIViewController+YJFullScreenSupport.h */,
				63E07D8C1EA0CFF400EB8F3F /* UIViewController+YJFullScreenSupport.m */,
			);
			path = UIViewController;
			sourceTree = "<group>";
		};
		6348FCAD1E6FFE8D007C1D96 /* UIWindow */ = {
			isa = PBXGroup;
			children = (
				6348FCAE1E6FFE8D007C1D96 /* UIWindow+YJSuperExt.h */,
				6348FCAF1E6FFE8D007C1D96 /* UIWindow+YJSuperExt.m */,
			);
			path = UIWindow;
			sourceTree = "<group>";
		};
		6372425F1E8F4FBE0014BE40 /* NSObject */ = {
			isa = PBXGroup;
			children = (
				637242601E8F4FDF0014BE40 /* NSObject+YJSuperExt.h */,
				637242611E8F4FDF0014BE40 /* NSObject+YJSuperExt.m */,
				631DF0401ECEEDC200499586 /* NSObject+YJKeyValueObserving.h */,
				631DF0411ECEEDC200499586 /* NSObject+YJKeyValueObserving.m */,
			);
			path = NSObject;
			sourceTree = "<group>";
		};
		637242631E8F50A30014BE40 /* Models */ = {
			isa = PBXGroup;
			children = (
				637242641E8F50C10014BE40 /* PersonModel.h */,
				637242651E8F50C10014BE40 /* PersonModel.m */,
			);
			path = Models;
			sourceTree = "<group>";
		};
		63AB04A71E77ED3000754C01 /* UIBarButtonItem */ = {
			isa = PBXGroup;
			children = (
				63AB04A81E77ED4D00754C01 /* UIBarButtonItem+YJBadge.h */,
				63AB04A91E77ED4D00754C01 /* UIBarButtonItem+YJBadge.m */,
			);
			path = UIBarButtonItem;
			sourceTree = "<group>";
		};
		63BB19AA1ED2F4D400A7165B /* NSMutableArray */ = {
			isa = PBXGroup;
			children = (
				63BB19AB1ED2F4E600A7165B /* NSMutableArray+YJSuperExt.h */,
				63BB19AC1ED2F4E600A7165B /* NSMutableArray+YJSuperExt.m */,
			);
			path = NSMutableArray;
			sourceTree = "<group>";
		};
		63F04B231E56E2A5007F0DDA = {
			isa = PBXGroup;
			children = (
				6348FC211E6FFE8D007C1D96 /* YJCategories */,
				63F04B2E1E56E2A5007F0DDA /* YJCategoriesGather */,
				63F04B2D1E56E2A5007F0DDA /* Products */,
				63F04B7B1E57037C007F0DDA /* Frameworks */,
			);
			sourceTree = "<group>";
		};
		63F04B2D1E56E2A5007F0DDA /* Products */ = {
			isa = PBXGroup;
			children = (
				63F04B2C1E56E2A5007F0DDA /* YJCategoriesGather.app */,
			);
			name = Products;
			sourceTree = "<group>";
		};
		63F04B2E1E56E2A5007F0DDA /* YJCategoriesGather */ = {
			isa = PBXGroup;
			children = (
				637242631E8F50A30014BE40 /* Models */,
				631E7E841E727EC6004639B1 /* Views */,
				632BB20D1E68145E00D5345F /* Resources */,
				63F04B321E56E2A5007F0DDA /* AppDelegate.h */,
				63F04B331E56E2A5007F0DDA /* AppDelegate.m */,
				63F04B351E56E2A5007F0DDA /* ViewController.h */,
				63F04B361E56E2A5007F0DDA /* ViewController.m */,
				63D38FDD1E6D5F900067C967 /* SubViewController.h */,
				63D38FDE1E6D5F900067C967 /* SubViewController.m */,
				63F04B2F1E56E2A5007F0DDA /* Supporting Files */,
			);
			path = YJCategoriesGather;
			sourceTree = "<group>";
		};
		63F04B2F1E56E2A5007F0DDA /* Supporting Files */ = {
			isa = PBXGroup;
			children = (
				63F04B381E56E2A5007F0DDA /* Main.storyboard */,
				63F04B3B1E56E2A5007F0DDA /* Assets.xcassets */,
				63F04B3D1E56E2A5007F0DDA /* LaunchScreen.storyboard */,
				63F04B401E56E2A5007F0DDA /* Info.plist */,
				63F04B301E56E2A5007F0DDA /* main.m */,
				63F04B7A1E56FCDF007F0DDA /* PrefixHeader.pch */,
			);
			name = "Supporting Files";
			sourceTree = "<group>";
		};
		63F04B7B1E57037C007F0DDA /* Frameworks */ = {
			isa = PBXGroup;
			children = (
				63F04B7C1E57037D007F0DDA /* libresolv.9.tbd */,
			);
			name = Frameworks;
			sourceTree = "<group>";
		};
/* End PBXGroup section */

/* Begin PBXNativeTarget section */
		63F04B2B1E56E2A5007F0DDA /* YJCategoriesGather */ = {
			isa = PBXNativeTarget;
			buildConfigurationList = 63F04B431E56E2A5007F0DDA /* Build configuration list for PBXNativeTarget "YJCategoriesGather" */;
			buildPhases = (
				63F04B281E56E2A5007F0DDA /* Sources */,
				63F04B291E56E2A5007F0DDA /* Frameworks */,
				63F04B2A1E56E2A5007F0DDA /* Resources */,
			);
			buildRules = (
			);
			dependencies = (
			);
			name = YJCategoriesGather;
			productName = YJCategoriesGather;
			productReference = 63F04B2C1E56E2A5007F0DDA /* YJCategoriesGather.app */;
			productType = "com.apple.product-type.application";
		};
/* End PBXNativeTarget section */

/* Begin PBXProject section */
		63F04B241E56E2A5007F0DDA /* Project object */ = {
			isa = PBXProject;
			attributes = {
				LastUpgradeCheck = 0830;
				ORGANIZATIONNAME = "侯跃军 houmanager@Hotmail.com";
				TargetAttributes = {
					63F04B2B1E56E2A5007F0DDA = {
						CreatedOnToolsVersion = 8.0;
						DevelopmentTeam = 33K3DU6932;
						ProvisioningStyle = Automatic;
					};
				};
			};
			buildConfigurationList = 63F04B271E56E2A5007F0DDA /* Build configuration list for PBXProject "YJCategoriesGather" */;
			compatibilityVersion = "Xcode 3.2";
			developmentRegion = English;
			hasScannedForEncodings = 0;
			knownRegions = (
				en,
				Base,
			);
			mainGroup = 63F04B231E56E2A5007F0DDA;
			productRefGroup = 63F04B2D1E56E2A5007F0DDA /* Products */;
			projectDirPath = "";
			projectRoot = "";
			targets = (
				63F04B2B1E56E2A5007F0DDA /* YJCategoriesGather */,
			);
		};
/* End PBXProject section */

/* Begin PBXResourcesBuildPhase section */
		63F04B2A1E56E2A5007F0DDA /* Resources */ = {
			isa = PBXResourcesBuildPhase;
			buildActionMask = 2147483647;
			files = (
				63F04B3F1E56E2A5007F0DDA /* LaunchScreen.storyboard in Resources */,
				63F04B3C1E56E2A5007F0DDA /* Assets.xcassets in Resources */,
				632BB20F1E68145E00D5345F /* SampleFile.txt in Resources */,
				63F04B3A1E56E2A5007F0DDA /* Main.storyboard in Resources */,
			);
			runOnlyForDeploymentPostprocessing = 0;
		};
/* End PBXResourcesBuildPhase section */

/* Begin PBXSourcesBuildPhase section */
		63F04B281E56E2A5007F0DDA /* Sources */ = {
			isa = PBXSourcesBuildPhase;
			buildActionMask = 2147483647;
			files = (
				6348FCCB1E6FFE8D007C1D96 /* NSURL+YJParameters.m in Sources */,
				6348FCC31E6FFE8D007C1D96 /* NSString+YJPinYin.m in Sources */,
				6348FCDE1E6FFE8D007C1D96 /* UIView+YJCustomBorder.m in Sources */,
				6348FCDF1E6FFE8D007C1D96 /* UIView+YJDraggable.m in Sources */,
				632D991E1F1DDCBD0002302D /* UITextField+YJSuperExt.m in Sources */,
				63D7C86C1E7939F3005BE05F /* UIButton+YJImagePosition.m in Sources */,
				6348FCB91E6FFE8D007C1D96 /* NSDate+YJSuperExt.m in Sources */,
				6348FCC71E6FFE8D007C1D96 /* NSString+YJVerification.m in Sources */,
				6348FCE61E6FFE8D007C1D96 /* UIView+YJShake.m in Sources */,
				632CC7B31E7695F300BB69FE /* UIBezierPath+YJBasicShapes.m in Sources */,
				637242661E8F50C10014BE40 /* PersonModel.m in Sources */,
				6348FCCA1E6FFE8D007C1D96 /* NSTimer+YJSuperExt.m in Sources */,
				6348FCE81E6FFE8D007C1D96 /* UIViewController+YJBackButtonBlock.m in Sources */,
				632CC7B61E7697D800BB69FE /* UIBezierPath+YJSymbol.m in Sources */,
				6348FCD41E6FFE8D007C1D96 /* UILabel+YJSuperExt.m in Sources */,
				631DF0421ECEEDC200499586 /* NSObject+YJKeyValueObserving.m in Sources */,
				63F04B371E56E2A5007F0DDA /* ViewController.m in Sources */,
				6348FCDB1E6FFE8D007C1D96 /* UITableViewCell+YJNib.m in Sources */,
				6348FCC11E6FFE8D007C1D96 /* NSString+YJContains.m in Sources */,
				6348FCB31E6FFE8D007C1D96 /* NSArray+YJBlock.m in Sources */,
				6348FCC51E6FFE8D007C1D96 /* NSString+YJSpecialCharacter.m in Sources */,
				6348FCC61E6FFE8D007C1D96 /* NSString+YJSuperExt.m in Sources */,
				6348FCBC1E6FFE8D007C1D96 /* NSDictionary+YJSuperExt.m in Sources */,
				6348FCE21E6FFE8D007C1D96 /* UIView+YJGestureBlock.m in Sources */,
				632B9E561F134C47003FE595 /* UIImage+YJRoundedCorner.m in Sources */,
				63F04B341E56E2A5007F0DDA /* AppDelegate.m in Sources */,
				6348FCE91E6FFE8D007C1D96 /* UIViewController+YJSuperExt.m in Sources */,
				6348FCD21E6FFE8D007C1D96 /* UIDevice+YJSuperExt.m in Sources */,
				6348FCD61E6FFE8D007C1D96 /* UINavigationController+YJSuperExt.m in Sources */,
				6348FCE01E6FFE8D007C1D96 /* UIView+YJFind.m in Sources */,
				6348FCD81E6FFE8D007C1D96 /* UIScrollView+YJPosition.m in Sources */,
				6348FCBB1E6FFE8D007C1D96 /* NSDictionary+YJMerge.m in Sources */,
				6348FCE11E6FFE8D007C1D96 /* UIView+YJFrame.m in Sources */,
				63E07D8D1EA0CFF400EB8F3F /* UIViewController+YJFullScreenSupport.m in Sources */,
				63D38FDF1E6D5F900067C967 /* SubViewController.m in Sources */,
				6348FCE31E6FFE8D007C1D96 /* UIView+YJLoadNib.m in Sources */,
				6348FCD91E6FFE8D007C1D96 /* UIScrollView+YJSuperExt.m in Sources */,
				6348FCCE1E6FFE8D007C1D96 /* UIBezierPath+YJSuperExt.m in Sources */,
				6348FCD31E6FFE8D007C1D96 /* UIFont+YJSuperExt.m in Sources */,
				63AB04AA1E77ED4D00754C01 /* UIBarButtonItem+YJBadge.m in Sources */,
				6348FCB81E6FFE8D007C1D96 /* NSDate+YJStartEnd.m in Sources */,
				6348FCD01E6FFE8D007C1D96 /* UIControl+YJBlock.m in Sources */,
				6348FCCF1E6FFE8D007C1D96 /* UIButton+YJSuperExt.m in Sources */,
				6348FCCC1E6FFE8D007C1D96 /* UIApplication+YJAppInfo.m in Sources */,
				6348FCC01E6FFE8D007C1D96 /* NSNotificationCenter+YJMainThread.m in Sources */,
				6348FCDA1E6FFE8D007C1D96 /* UITableView+YJSuperExt.m in Sources */,
				6348FCD71E6FFE8D007C1D96 /* UIResponder+YJSuperExt.m in Sources */,
				6348FCC21E6FFE8D007C1D96 /* NSString+YJMIME.m in Sources */,
				6348FCD11E6FFE8D007C1D96 /* UIControl+YJSuperExt.m in Sources */,
				6348FCB51E6FFE8D007C1D96 /* NSBundle+YJSuperExt.m in Sources */,
				6348FCDD1E6FFE8D007C1D96 /* UIView+YJConstraints.m in Sources */,
				6348FCC41E6FFE8D007C1D96 /* NSString+YJSize.m in Sources */,
				6348FCE41E6FFE8D007C1D96 /* UIView+YJRecursion.m in Sources */,
				632CC7B91E769D0C00BB69FE /* UIBezierPath+YJLength.m in Sources */,
				6348FCB61E6FFE8D007C1D96 /* NSData+YJGzip.m in Sources */,
				637242621E8F4FDF0014BE40 /* NSObject+YJSuperExt.m in Sources */,
				6348FCD51E6FFE8D007C1D96 /* UINavigationBar+YJSuperExt.m in Sources */,
				6348FCE51E6FFE8D007C1D96 /* UIView+YJScreenshot.m in Sources */,
				6348FCE71E6FFE8D007C1D96 /* UIView+YJVisuals.m in Sources */,
				6348FCBA1E6FFE8D007C1D96 /* NSDateFormatter+YJSuperExt.m in Sources */,
				6348FCBD1E6FFE8D007C1D96 /* NSDictionary+YJXML.m in Sources */,
				6348FCB71E6FFE8D007C1D96 /* NSData+YJSuperExt.m in Sources */,
				6348FCC91E6FFE8D007C1D96 /* NSTimer+YJBlock.m in Sources */,
				63F04B311E56E2A5007F0DDA /* main.m in Sources */,
				63BB19AD1ED2F4E600A7165B /* NSMutableArray+YJSuperExt.m in Sources */,
				632B9E531F134BAB003FE595 /* UIImage+YJAlpha.m in Sources */,
				63D7C8691E793005005BE05F /* UIView+YJBadge.m in Sources */,
				6348FCDC1E6FFE8D007C1D96 /* UIView+YJAnimation.m in Sources */,
				631E7E871E727EE3004639B1 /* DrawView.m in Sources */,
				6348FCC81E6FFE8D007C1D96 /* NSString+YJXML.m in Sources */,
				6348FCB41E6FFE8D007C1D96 /* NSArray+YJSuperExt.m in Sources */,
				6348FCEA1E6FFE8D007C1D96 /* UIWindow+YJSuperExt.m in Sources */,
				6348FCCD1E6FFE8D007C1D96 /* UIApplication+YJSuperExt.m in Sources */,
				6348FCBE1E6FFE8D007C1D96 /* NSFileManager+YJSuperExt.m in Sources */,
				632B9E501F134ABE003FE595 /* UIImage+YJReSize.m in Sources */,
				6348FCBF1E6FFE8D007C1D96 /* NSIndexPath+YJOffset.m in Sources */,
			);
			runOnlyForDeploymentPostprocessing = 0;
		};
/* End PBXSourcesBuildPhase section */

/* Begin PBXVariantGroup section */
		63F04B381E56E2A5007F0DDA /* Main.storyboard */ = {
			isa = PBXVariantGroup;
			children = (
				63F04B391E56E2A5007F0DDA /* Base */,
			);
			name = Main.storyboard;
			sourceTree = "<group>";
		};
		63F04B3D1E56E2A5007F0DDA /* LaunchScreen.storyboard */ = {
			isa = PBXVariantGroup;
			children = (
				63F04B3E1E56E2A5007F0DDA /* Base */,
			);
			name = LaunchScreen.storyboard;
			sourceTree = "<group>";
		};
/* End PBXVariantGroup section */

/* Begin XCBuildConfiguration section */
		63F04B411E56E2A5007F0DDA /* Debug */ = {
			isa = XCBuildConfiguration;
			buildSettings = {
				ALWAYS_SEARCH_USER_PATHS = NO;
				CLANG_ANALYZER_NONNULL = YES;
				CLANG_CXX_LANGUAGE_STANDARD = "gnu++0x";
				CLANG_CXX_LIBRARY = "libc++";
				CLANG_ENABLE_MODULES = YES;
				CLANG_ENABLE_OBJC_ARC = YES;
				CLANG_WARN_BOOL_CONVERSION = YES;
				CLANG_WARN_CONSTANT_CONVERSION = YES;
				CLANG_WARN_DIRECT_OBJC_ISA_USAGE = YES_ERROR;
				CLANG_WARN_DOCUMENTATION_COMMENTS = YES;
				CLANG_WARN_EMPTY_BODY = YES;
				CLANG_WARN_ENUM_CONVERSION = YES;
				CLANG_WARN_INFINITE_RECURSION = YES;
				CLANG_WARN_INT_CONVERSION = YES;
				CLANG_WARN_OBJC_ROOT_CLASS = YES_ERROR;
				CLANG_WARN_SUSPICIOUS_MOVE = YES;
				CLANG_WARN_SUSPICIOUS_MOVES = YES;
				CLANG_WARN_UNREACHABLE_CODE = YES;
				CLANG_WARN__DUPLICATE_METHOD_MATCH = YES;
				"CODE_SIGN_IDENTITY[sdk=iphoneos*]" = "iPhone Developer";
				COPY_PHASE_STRIP = NO;
				DEBUG_INFORMATION_FORMAT = dwarf;
				ENABLE_STRICT_OBJC_MSGSEND = YES;
				ENABLE_TESTABILITY = YES;
				GCC_C_LANGUAGE_STANDARD = gnu99;
				GCC_DYNAMIC_NO_PIC = NO;
				GCC_NO_COMMON_BLOCKS = YES;
				GCC_OPTIMIZATION_LEVEL = 0;
				GCC_PREPROCESSOR_DEFINITIONS = (
					"DEBUG=1",
					"$(inherited)",
				);
				GCC_WARN_64_TO_32_BIT_CONVERSION = YES;
				GCC_WARN_ABOUT_RETURN_TYPE = YES_ERROR;
				GCC_WARN_UNDECLARED_SELECTOR = YES;
				GCC_WARN_UNINITIALIZED_AUTOS = YES_AGGRESSIVE;
				GCC_WARN_UNUSED_FUNCTION = YES;
				GCC_WARN_UNUSED_VARIABLE = YES;
				IPHONEOS_DEPLOYMENT_TARGET = 8.0;
				MTL_ENABLE_DEBUG_INFO = YES;
				ONLY_ACTIVE_ARCH = YES;
				SDKROOT = iphoneos;
			};
			name = Debug;
		};
		63F04B421E56E2A5007F0DDA /* Release */ = {
			isa = XCBuildConfiguration;
			buildSettings = {
				ALWAYS_SEARCH_USER_PATHS = NO;
				CLANG_ANALYZER_NONNULL = YES;
				CLANG_CXX_LANGUAGE_STANDARD = "gnu++0x";
				CLANG_CXX_LIBRARY = "libc++";
				CLANG_ENABLE_MODULES = YES;
				CLANG_ENABLE_OBJC_ARC = YES;
				CLANG_WARN_BOOL_CONVERSION = YES;
				CLANG_WARN_CONSTANT_CONVERSION = YES;
				CLANG_WARN_DIRECT_OBJC_ISA_USAGE = YES_ERROR;
				CLANG_WARN_DOCUMENTATION_COMMENTS = YES;
				CLANG_WARN_EMPTY_BODY = YES;
				CLANG_WARN_ENUM_CONVERSION = YES;
				CLANG_WARN_INFINITE_RECURSION = YES;
				CLANG_WARN_INT_CONVERSION = YES;
				CLANG_WARN_OBJC_ROOT_CLASS = YES_ERROR;
				CLANG_WARN_SUSPICIOUS_MOVE = YES;
				CLANG_WARN_SUSPICIOUS_MOVES = YES;
				CLANG_WARN_UNREACHABLE_CODE = YES;
				CLANG_WARN__DUPLICATE_METHOD_MATCH = YES;
				"CODE_SIGN_IDENTITY[sdk=iphoneos*]" = "iPhone Developer";
				COPY_PHASE_STRIP = NO;
				DEBUG_INFORMATION_FORMAT = "dwarf-with-dsym";
				ENABLE_NS_ASSERTIONS = NO;
				ENABLE_STRICT_OBJC_MSGSEND = YES;
				GCC_C_LANGUAGE_STANDARD = gnu99;
				GCC_NO_COMMON_BLOCKS = YES;
				GCC_WARN_64_TO_32_BIT_CONVERSION = YES;
				GCC_WARN_ABOUT_RETURN_TYPE = YES_ERROR;
				GCC_WARN_UNDECLARED_SELECTOR = YES;
				GCC_WARN_UNINITIALIZED_AUTOS = YES_AGGRESSIVE;
				GCC_WARN_UNUSED_FUNCTION = YES;
				GCC_WARN_UNUSED_VARIABLE = YES;
				IPHONEOS_DEPLOYMENT_TARGET = 8.0;
				MTL_ENABLE_DEBUG_INFO = NO;
				SDKROOT = iphoneos;
				VALIDATE_PRODUCT = YES;
			};
			name = Release;
		};
		63F04B441E56E2A5007F0DDA /* Debug */ = {
			isa = XCBuildConfiguration;
			buildSettings = {
				ASSETCATALOG_COMPILER_APPICON_NAME = AppIcon;
				"CODE_SIGN_IDENTITY[sdk=iphoneos*]" = "iPhone Developer";
				DEVELOPMENT_TEAM = 33K3DU6932;
				GCC_PRECOMPILE_PREFIX_HEADER = YES;
				GCC_PREFIX_HEADER = YJCategoriesGather/PrefixHeader.pch;
				INFOPLIST_FILE = YJCategoriesGather/Info.plist;
				IPHONEOS_DEPLOYMENT_TARGET = 8.0;
				LD_RUNPATH_SEARCH_PATHS = "$(inherited) @executable_path/Frameworks";
				PRODUCT_BUNDLE_IDENTIFIER = com.houmanager.de;
				PRODUCT_NAME = "$(TARGET_NAME)";
				PROVISIONING_PROFILE_SPECIFIER = "";
			};
			name = Debug;
		};
		63F04B451E56E2A5007F0DDA /* Release */ = {
			isa = XCBuildConfiguration;
			buildSettings = {
				ASSETCATALOG_COMPILER_APPICON_NAME = AppIcon;
				"CODE_SIGN_IDENTITY[sdk=iphoneos*]" = "iPhone Developer";
				DEVELOPMENT_TEAM = 33K3DU6932;
				GCC_PRECOMPILE_PREFIX_HEADER = YES;
				GCC_PREFIX_HEADER = YJCategoriesGather/PrefixHeader.pch;
				INFOPLIST_FILE = YJCategoriesGather/Info.plist;
				IPHONEOS_DEPLOYMENT_TARGET = 8.0;
				LD_RUNPATH_SEARCH_PATHS = "$(inherited) @executable_path/Frameworks";
				PRODUCT_BUNDLE_IDENTIFIER = com.houmanager.de;
				PRODUCT_NAME = "$(TARGET_NAME)";
				PROVISIONING_PROFILE_SPECIFIER = "";
			};
			name = Release;
		};
/* End XCBuildConfiguration section */

/* Begin XCConfigurationList section */
		63F04B271E56E2A5007F0DDA /* Build configuration list for PBXProject "YJCategoriesGather" */ = {
			isa = XCConfigurationList;
			buildConfigurations = (
				63F04B411E56E2A5007F0DDA /* Debug */,
				63F04B421E56E2A5007F0DDA /* Release */,
			);
			defaultConfigurationIsVisible = 0;
			defaultConfigurationName = Release;
		};
		63F04B431E56E2A5007F0DDA /* Build configuration list for PBXNativeTarget "YJCategoriesGather" */ = {
			isa = XCConfigurationList;
			buildConfigurations = (
				63F04B441E56E2A5007F0DDA /* Debug */,
				63F04B451E56E2A5007F0DDA /* Release */,
			);
			defaultConfigurationIsVisible = 0;
			defaultConfigurationName = Release;
		};
/* End XCConfigurationList section */
	};
	rootObject = 63F04B241E56E2A5007F0DDA /* Project object */;
}
