// !$*UTF8*$!
{
	archiveVersion = 1;
	classes = {
	};
	objectVersion = 46;
	objects = {

/* Begin PBXBuildFile section */
		6314C3C81E5894B000A40B52 /* UIView+YJConstraints.m in Sources */ = {isa = PBXBuildFile; fileRef = 6314C3BB1E5894B000A40B52 /* UIView+YJConstraints.m */; };
		6314C3C91E5894B000A40B52 /* UIView+YJFind.m in Sources */ = {isa = PBXBuildFile; fileRef = 6314C3BD1E5894B000A40B52 /* UIView+YJFind.m */; };
		6314C3CA1E5894B000A40B52 /* UIView+YJFrame.m in Sources */ = {isa = PBXBuildFile; fileRef = 6314C3BF1E5894B000A40B52 /* UIView+YJFrame.m */; };
		6314C3CB1E5894B000A40B52 /* UIView+YJGestureBlock.m in Sources */ = {isa = PBXBuildFile; fileRef = 6314C3C11E5894B000A40B52 /* UIView+YJGestureBlock.m */; };
		6314C3CC1E5894B000A40B52 /* UIView+YJLoadNib.m in Sources */ = {isa = PBXBuildFile; fileRef = 6314C3C31E5894B000A40B52 /* UIView+YJLoadNib.m */; };
		6314C3CD1E5894B000A40B52 /* UIView+YJRecursion.m in Sources */ = {isa = PBXBuildFile; fileRef = 6314C3C51E5894B000A40B52 /* UIView+YJRecursion.m */; };
		6314C3CE1E5894B000A40B52 /* UIView+YJScreenshot.m in Sources */ = {isa = PBXBuildFile; fileRef = 6314C3C71E5894B000A40B52 /* UIView+YJScreenshot.m */; };
		6314C3D11E58951E00A40B52 /* UITableViewCell+YJNib.m in Sources */ = {isa = PBXBuildFile; fileRef = 6314C3D01E58951E00A40B52 /* UITableViewCell+YJNib.m */; };
		6314C3D81E58977900A40B52 /* UIViewController+YJSuperExt.m in Sources */ = {isa = PBXBuildFile; fileRef = 6314C3D71E58977900A40B52 /* UIViewController+YJSuperExt.m */; };
		6314C3DC1E58980D00A40B52 /* UILabel+YJSuperExt.m in Sources */ = {isa = PBXBuildFile; fileRef = 6314C3DB1E58980D00A40B52 /* UILabel+YJSuperExt.m */; };
		6314C3E01E58988F00A40B52 /* UIButton+YJSuperExt.m in Sources */ = {isa = PBXBuildFile; fileRef = 6314C3DF1E58988F00A40B52 /* UIButton+YJSuperExt.m */; };
		6314C3E41E58990E00A40B52 /* UIWindow+YJHierarchy.m in Sources */ = {isa = PBXBuildFile; fileRef = 6314C3E31E58990E00A40B52 /* UIWindow+YJHierarchy.m */; };
		6314C3E81E58999800A40B52 /* UIDevice+YJSuperExt.m in Sources */ = {isa = PBXBuildFile; fileRef = 6314C3E71E58999800A40B52 /* UIDevice+YJSuperExt.m */; };
		63F04B311E56E2A5007F0DDA /* main.m in Sources */ = {isa = PBXBuildFile; fileRef = 63F04B301E56E2A5007F0DDA /* main.m */; };
		63F04B341E56E2A5007F0DDA /* AppDelegate.m in Sources */ = {isa = PBXBuildFile; fileRef = 63F04B331E56E2A5007F0DDA /* AppDelegate.m */; };
		63F04B371E56E2A5007F0DDA /* ViewController.m in Sources */ = {isa = PBXBuildFile; fileRef = 63F04B361E56E2A5007F0DDA /* ViewController.m */; };
		63F04B3A1E56E2A5007F0DDA /* Main.storyboard in Resources */ = {isa = PBXBuildFile; fileRef = 63F04B381E56E2A5007F0DDA /* Main.storyboard */; };
		63F04B3C1E56E2A5007F0DDA /* Assets.xcassets in Resources */ = {isa = PBXBuildFile; fileRef = 63F04B3B1E56E2A5007F0DDA /* Assets.xcassets */; };
		63F04B3F1E56E2A5007F0DDA /* LaunchScreen.storyboard in Resources */ = {isa = PBXBuildFile; fileRef = 63F04B3D1E56E2A5007F0DDA /* LaunchScreen.storyboard */; };
		63F04B491E56E362007F0DDA /* NSString+YJExtention.m in Sources */ = {isa = PBXBuildFile; fileRef = 63F04B481E56E362007F0DDA /* NSString+YJExtention.m */; };
		63F04B701E56F6C4007F0DDA /* NSArray+YJExtention.m in Sources */ = {isa = PBXBuildFile; fileRef = 63F04B6F1E56F6C4007F0DDA /* NSArray+YJExtention.m */; };
		63F04B761E56F8B0007F0DDA /* NSDictionary+YJExtention.m in Sources */ = {isa = PBXBuildFile; fileRef = 63F04B751E56F8B0007F0DDA /* NSDictionary+YJExtention.m */; };
		63F04B7D1E57037D007F0DDA /* libresolv.9.tbd in Frameworks */ = {isa = PBXBuildFile; fileRef = 63F04B7C1E57037D007F0DDA /* libresolv.9.tbd */; };
/* End PBXBuildFile section */

/* Begin PBXFileReference section */
		6314C3A21E58488400A40B52 /* YJUIKit.h */ = {isa = PBXFileReference; fileEncoding = 4; lastKnownFileType = sourcecode.c.h; path = YJUIKit.h; sourceTree = "<group>"; };
		6314C3BA1E5894B000A40B52 /* UIView+YJConstraints.h */ = {isa = PBXFileReference; fileEncoding = 4; lastKnownFileType = sourcecode.c.h; path = "UIView+YJConstraints.h"; sourceTree = "<group>"; };
		6314C3BB1E5894B000A40B52 /* UIView+YJConstraints.m */ = {isa = PBXFileReference; fileEncoding = 4; lastKnownFileType = sourcecode.c.objc; path = "UIView+YJConstraints.m"; sourceTree = "<group>"; };
		6314C3BC1E5894B000A40B52 /* UIView+YJFind.h */ = {isa = PBXFileReference; fileEncoding = 4; lastKnownFileType = sourcecode.c.h; path = "UIView+YJFind.h"; sourceTree = "<group>"; };
		6314C3BD1E5894B000A40B52 /* UIView+YJFind.m */ = {isa = PBXFileReference; fileEncoding = 4; lastKnownFileType = sourcecode.c.objc; path = "UIView+YJFind.m"; sourceTree = "<group>"; };
		6314C3BE1E5894B000A40B52 /* UIView+YJFrame.h */ = {isa = PBXFileReference; fileEncoding = 4; lastKnownFileType = sourcecode.c.h; path = "UIView+YJFrame.h"; sourceTree = "<group>"; };
		6314C3BF1E5894B000A40B52 /* UIView+YJFrame.m */ = {isa = PBXFileReference; fileEncoding = 4; lastKnownFileType = sourcecode.c.objc; path = "UIView+YJFrame.m"; sourceTree = "<group>"; };
		6314C3C01E5894B000A40B52 /* UIView+YJGestureBlock.h */ = {isa = PBXFileReference; fileEncoding = 4; lastKnownFileType = sourcecode.c.h; path = "UIView+YJGestureBlock.h"; sourceTree = "<group>"; };
		6314C3C11E5894B000A40B52 /* UIView+YJGestureBlock.m */ = {isa = PBXFileReference; fileEncoding = 4; lastKnownFileType = sourcecode.c.objc; path = "UIView+YJGestureBlock.m"; sourceTree = "<group>"; };
		6314C3C21E5894B000A40B52 /* UIView+YJLoadNib.h */ = {isa = PBXFileReference; fileEncoding = 4; lastKnownFileType = sourcecode.c.h; path = "UIView+YJLoadNib.h"; sourceTree = "<group>"; };
		6314C3C31E5894B000A40B52 /* UIView+YJLoadNib.m */ = {isa = PBXFileReference; fileEncoding = 4; lastKnownFileType = sourcecode.c.objc; path = "UIView+YJLoadNib.m"; sourceTree = "<group>"; };
		6314C3C41E5894B000A40B52 /* UIView+YJRecursion.h */ = {isa = PBXFileReference; fileEncoding = 4; lastKnownFileType = sourcecode.c.h; path = "UIView+YJRecursion.h"; sourceTree = "<group>"; };
		6314C3C51E5894B000A40B52 /* UIView+YJRecursion.m */ = {isa = PBXFileReference; fileEncoding = 4; lastKnownFileType = sourcecode.c.objc; path = "UIView+YJRecursion.m"; sourceTree = "<group>"; };
		6314C3C61E5894B000A40B52 /* UIView+YJScreenshot.h */ = {isa = PBXFileReference; fileEncoding = 4; lastKnownFileType = sourcecode.c.h; path = "UIView+YJScreenshot.h"; sourceTree = "<group>"; };
		6314C3C71E5894B000A40B52 /* UIView+YJScreenshot.m */ = {isa = PBXFileReference; fileEncoding = 4; lastKnownFileType = sourcecode.c.objc; path = "UIView+YJScreenshot.m"; sourceTree = "<group>"; };
		6314C3CF1E58951E00A40B52 /* UITableViewCell+YJNib.h */ = {isa = PBXFileReference; fileEncoding = 4; lastKnownFileType = sourcecode.c.h; path = "UITableViewCell+YJNib.h"; sourceTree = "<group>"; };
		6314C3D01E58951E00A40B52 /* UITableViewCell+YJNib.m */ = {isa = PBXFileReference; fileEncoding = 4; lastKnownFileType = sourcecode.c.objc; path = "UITableViewCell+YJNib.m"; sourceTree = "<group>"; };
		6314C3D61E58977900A40B52 /* UIViewController+YJSuperExt.h */ = {isa = PBXFileReference; fileEncoding = 4; lastKnownFileType = sourcecode.c.h; path = "UIViewController+YJSuperExt.h"; sourceTree = "<group>"; };
		6314C3D71E58977900A40B52 /* UIViewController+YJSuperExt.m */ = {isa = PBXFileReference; fileEncoding = 4; lastKnownFileType = sourcecode.c.objc; path = "UIViewController+YJSuperExt.m"; sourceTree = "<group>"; };
		6314C3DA1E58980D00A40B52 /* UILabel+YJSuperExt.h */ = {isa = PBXFileReference; fileEncoding = 4; lastKnownFileType = sourcecode.c.h; path = "UILabel+YJSuperExt.h"; sourceTree = "<group>"; };
		6314C3DB1E58980D00A40B52 /* UILabel+YJSuperExt.m */ = {isa = PBXFileReference; fileEncoding = 4; lastKnownFileType = sourcecode.c.objc; path = "UILabel+YJSuperExt.m"; sourceTree = "<group>"; };
		6314C3DE1E58988F00A40B52 /* UIButton+YJSuperExt.h */ = {isa = PBXFileReference; fileEncoding = 4; lastKnownFileType = sourcecode.c.h; path = "UIButton+YJSuperExt.h"; sourceTree = "<group>"; };
		6314C3DF1E58988F00A40B52 /* UIButton+YJSuperExt.m */ = {isa = PBXFileReference; fileEncoding = 4; lastKnownFileType = sourcecode.c.objc; path = "UIButton+YJSuperExt.m"; sourceTree = "<group>"; };
		6314C3E21E58990E00A40B52 /* UIWindow+YJHierarchy.h */ = {isa = PBXFileReference; fileEncoding = 4; lastKnownFileType = sourcecode.c.h; path = "UIWindow+YJHierarchy.h"; sourceTree = "<group>"; };
		6314C3E31E58990E00A40B52 /* UIWindow+YJHierarchy.m */ = {isa = PBXFileReference; fileEncoding = 4; lastKnownFileType = sourcecode.c.objc; path = "UIWindow+YJHierarchy.m"; sourceTree = "<group>"; };
		6314C3E61E58999800A40B52 /* UIDevice+YJSuperExt.h */ = {isa = PBXFileReference; fileEncoding = 4; lastKnownFileType = sourcecode.c.h; path = "UIDevice+YJSuperExt.h"; sourceTree = "<group>"; };
		6314C3E71E58999800A40B52 /* UIDevice+YJSuperExt.m */ = {isa = PBXFileReference; fileEncoding = 4; lastKnownFileType = sourcecode.c.objc; path = "UIDevice+YJSuperExt.m"; sourceTree = "<group>"; };
		63F04B2C1E56E2A5007F0DDA /* YJCategoriesGather.app */ = {isa = PBXFileReference; explicitFileType = wrapper.application; includeInIndex = 0; path = YJCategoriesGather.app; sourceTree = BUILT_PRODUCTS_DIR; };
		63F04B301E56E2A5007F0DDA /* main.m */ = {isa = PBXFileReference; lastKnownFileType = sourcecode.c.objc; path = main.m; sourceTree = "<group>"; };
		63F04B321E56E2A5007F0DDA /* AppDelegate.h */ = {isa = PBXFileReference; lastKnownFileType = sourcecode.c.h; path = AppDelegate.h; sourceTree = "<group>"; };
		63F04B331E56E2A5007F0DDA /* AppDelegate.m */ = {isa = PBXFileReference; lastKnownFileType = sourcecode.c.objc; path = AppDelegate.m; sourceTree = "<group>"; };
		63F04B351E56E2A5007F0DDA /* ViewController.h */ = {isa = PBXFileReference; lastKnownFileType = sourcecode.c.h; path = ViewController.h; sourceTree = "<group>"; };
		63F04B361E56E2A5007F0DDA /* ViewController.m */ = {isa = PBXFileReference; lastKnownFileType = sourcecode.c.objc; path = ViewController.m; sourceTree = "<group>"; };
		63F04B391E56E2A5007F0DDA /* Base */ = {isa = PBXFileReference; lastKnownFileType = file.storyboard; name = Base; path = Base.lproj/Main.storyboard; sourceTree = "<group>"; };
		63F04B3B1E56E2A5007F0DDA /* Assets.xcassets */ = {isa = PBXFileReference; lastKnownFileType = folder.assetcatalog; path = Assets.xcassets; sourceTree = "<group>"; };
		63F04B3E1E56E2A5007F0DDA /* Base */ = {isa = PBXFileReference; lastKnownFileType = file.storyboard; name = Base; path = Base.lproj/LaunchScreen.storyboard; sourceTree = "<group>"; };
		63F04B401E56E2A5007F0DDA /* Info.plist */ = {isa = PBXFileReference; lastKnownFileType = text.plist.xml; path = Info.plist; sourceTree = "<group>"; };
		63F04B471E56E362007F0DDA /* NSString+YJExtention.h */ = {isa = PBXFileReference; fileEncoding = 4; lastKnownFileType = sourcecode.c.h; path = "NSString+YJExtention.h"; sourceTree = "<group>"; };
		63F04B481E56E362007F0DDA /* NSString+YJExtention.m */ = {isa = PBXFileReference; fileEncoding = 4; lastKnownFileType = sourcecode.c.objc; path = "NSString+YJExtention.m"; sourceTree = "<group>"; };
		63F04B6D1E56F5DD007F0DDA /* YJCategories.h */ = {isa = PBXFileReference; fileEncoding = 4; lastKnownFileType = sourcecode.c.h; path = YJCategories.h; sourceTree = "<group>"; };
		63F04B6E1E56F6C4007F0DDA /* NSArray+YJExtention.h */ = {isa = PBXFileReference; fileEncoding = 4; lastKnownFileType = sourcecode.c.h; path = "NSArray+YJExtention.h"; sourceTree = "<group>"; };
		63F04B6F1E56F6C4007F0DDA /* NSArray+YJExtention.m */ = {isa = PBXFileReference; fileEncoding = 4; lastKnownFileType = sourcecode.c.objc; path = "NSArray+YJExtention.m"; sourceTree = "<group>"; };
		63F04B741E56F8B0007F0DDA /* NSDictionary+YJExtention.h */ = {isa = PBXFileReference; fileEncoding = 4; lastKnownFileType = sourcecode.c.h; path = "NSDictionary+YJExtention.h"; sourceTree = "<group>"; };
		63F04B751E56F8B0007F0DDA /* NSDictionary+YJExtention.m */ = {isa = PBXFileReference; fileEncoding = 4; lastKnownFileType = sourcecode.c.objc; path = "NSDictionary+YJExtention.m"; sourceTree = "<group>"; };
		63F04B7A1E56FCDF007F0DDA /* PrefixHeader.pch */ = {isa = PBXFileReference; fileEncoding = 4; lastKnownFileType = sourcecode.c.h; path = PrefixHeader.pch; sourceTree = "<group>"; };
		63F04B7C1E57037D007F0DDA /* libresolv.9.tbd */ = {isa = PBXFileReference; lastKnownFileType = "sourcecode.text-based-dylib-definition"; name = libresolv.9.tbd; path = usr/lib/libresolv.9.tbd; sourceTree = SDKROOT; };
/* End PBXFileReference section */

/* Begin PBXFrameworksBuildPhase section */
		63F04B291E56E2A5007F0DDA /* Frameworks */ = {
			isa = PBXFrameworksBuildPhase;
			buildActionMask = 2147483647;
			files = (
				63F04B7D1E57037D007F0DDA /* libresolv.9.tbd in Frameworks */,
			);
			runOnlyForDeploymentPostprocessing = 0;
		};
/* End PBXFrameworksBuildPhase section */

/* Begin PBXGroup section */
		6314C3A11E58483900A40B52 /* UIKit */ = {
			isa = PBXGroup;
			children = (
				6314C3E51E58998300A40B52 /* UIDevice */,
				6314C3E11E5898F400A40B52 /* UIWindow */,
				6314C3DD1E58987300A40B52 /* UIButton */,
				6314C3D91E5897F900A40B52 /* UILabel */,
				6314C3D21E58968200A40B52 /* UIViewController */,
				6314C3B81E5894B000A40B52 /* UITableViewCell */,
				6314C3B91E5894B000A40B52 /* UIView */,
			);
			path = UIKit;
			sourceTree = "<group>";
		};
		6314C3B81E5894B000A40B52 /* UITableViewCell */ = {
			isa = PBXGroup;
			children = (
				6314C3CF1E58951E00A40B52 /* UITableViewCell+YJNib.h */,
				6314C3D01E58951E00A40B52 /* UITableViewCell+YJNib.m */,
			);
			path = UITableViewCell;
			sourceTree = "<group>";
		};
		6314C3B91E5894B000A40B52 /* UIView */ = {
			isa = PBXGroup;
			children = (
				6314C3BA1E5894B000A40B52 /* UIView+YJConstraints.h */,
				6314C3BB1E5894B000A40B52 /* UIView+YJConstraints.m */,
				6314C3BC1E5894B000A40B52 /* UIView+YJFind.h */,
				6314C3BD1E5894B000A40B52 /* UIView+YJFind.m */,
				6314C3BE1E5894B000A40B52 /* UIView+YJFrame.h */,
				6314C3BF1E5894B000A40B52 /* UIView+YJFrame.m */,
				6314C3C01E5894B000A40B52 /* UIView+YJGestureBlock.h */,
				6314C3C11E5894B000A40B52 /* UIView+YJGestureBlock.m */,
				6314C3C21E5894B000A40B52 /* UIView+YJLoadNib.h */,
				6314C3C31E5894B000A40B52 /* UIView+YJLoadNib.m */,
				6314C3C41E5894B000A40B52 /* UIView+YJRecursion.h */,
				6314C3C51E5894B000A40B52 /* UIView+YJRecursion.m */,
				6314C3C61E5894B000A40B52 /* UIView+YJScreenshot.h */,
				6314C3C71E5894B000A40B52 /* UIView+YJScreenshot.m */,
			);
			path = UIView;
			sourceTree = "<group>";
		};
		6314C3D21E58968200A40B52 /* UIViewController */ = {
			isa = PBXGroup;
			children = (
				6314C3D61E58977900A40B52 /* UIViewController+YJSuperExt.h */,
				6314C3D71E58977900A40B52 /* UIViewController+YJSuperExt.m */,
			);
			path = UIViewController;
			sourceTree = "<group>";
		};
		6314C3D91E5897F900A40B52 /* UILabel */ = {
			isa = PBXGroup;
			children = (
				6314C3DA1E58980D00A40B52 /* UILabel+YJSuperExt.h */,
				6314C3DB1E58980D00A40B52 /* UILabel+YJSuperExt.m */,
			);
			path = UILabel;
			sourceTree = "<group>";
		};
		6314C3DD1E58987300A40B52 /* UIButton */ = {
			isa = PBXGroup;
			children = (
				6314C3DE1E58988F00A40B52 /* UIButton+YJSuperExt.h */,
				6314C3DF1E58988F00A40B52 /* UIButton+YJSuperExt.m */,
			);
			path = UIButton;
			sourceTree = "<group>";
		};
		6314C3E11E5898F400A40B52 /* UIWindow */ = {
			isa = PBXGroup;
			children = (
				6314C3E21E58990E00A40B52 /* UIWindow+YJHierarchy.h */,
				6314C3E31E58990E00A40B52 /* UIWindow+YJHierarchy.m */,
			);
			path = UIWindow;
			sourceTree = "<group>";
		};
		6314C3E51E58998300A40B52 /* UIDevice */ = {
			isa = PBXGroup;
			children = (
				6314C3E61E58999800A40B52 /* UIDevice+YJSuperExt.h */,
				6314C3E71E58999800A40B52 /* UIDevice+YJSuperExt.m */,
			);
			path = UIDevice;
			sourceTree = "<group>";
		};
		63F04B231E56E2A5007F0DDA = {
			isa = PBXGroup;
			children = (
				63F04B2E1E56E2A5007F0DDA /* YJCategoriesGather */,
				63F04B2D1E56E2A5007F0DDA /* Products */,
				63F04B7B1E57037C007F0DDA /* Frameworks */,
			);
			sourceTree = "<group>";
		};
		63F04B2D1E56E2A5007F0DDA /* Products */ = {
			isa = PBXGroup;
			children = (
				63F04B2C1E56E2A5007F0DDA /* YJCategoriesGather.app */,
			);
			name = Products;
			sourceTree = "<group>";
		};
		63F04B2E1E56E2A5007F0DDA /* YJCategoriesGather */ = {
			isa = PBXGroup;
			children = (
				63F04B461E56E320007F0DDA /* YJCategories */,
				63F04B321E56E2A5007F0DDA /* AppDelegate.h */,
				63F04B331E56E2A5007F0DDA /* AppDelegate.m */,
				63F04B351E56E2A5007F0DDA /* ViewController.h */,
				63F04B361E56E2A5007F0DDA /* ViewController.m */,
				63F04B2F1E56E2A5007F0DDA /* Supporting Files */,
			);
			path = YJCategoriesGather;
			sourceTree = "<group>";
		};
		63F04B2F1E56E2A5007F0DDA /* Supporting Files */ = {
			isa = PBXGroup;
			children = (
				63F04B381E56E2A5007F0DDA /* Main.storyboard */,
				63F04B3B1E56E2A5007F0DDA /* Assets.xcassets */,
				63F04B3D1E56E2A5007F0DDA /* LaunchScreen.storyboard */,
				63F04B401E56E2A5007F0DDA /* Info.plist */,
				63F04B301E56E2A5007F0DDA /* main.m */,
				63F04B7A1E56FCDF007F0DDA /* PrefixHeader.pch */,
			);
			name = "Supporting Files";
			sourceTree = "<group>";
		};
		63F04B461E56E320007F0DDA /* YJCategories */ = {
			isa = PBXGroup;
			children = (
				6314C3A11E58483900A40B52 /* UIKit */,
				63F04B6D1E56F5DD007F0DDA /* YJCategories.h */,
				63F04B471E56E362007F0DDA /* NSString+YJExtention.h */,
				63F04B481E56E362007F0DDA /* NSString+YJExtention.m */,
				63F04B6E1E56F6C4007F0DDA /* NSArray+YJExtention.h */,
				63F04B6F1E56F6C4007F0DDA /* NSArray+YJExtention.m */,
				63F04B741E56F8B0007F0DDA /* NSDictionary+YJExtention.h */,
				63F04B751E56F8B0007F0DDA /* NSDictionary+YJExtention.m */,
				6314C3A21E58488400A40B52 /* YJUIKit.h */,
			);
			path = YJCategories;
			sourceTree = "<group>";
		};
		63F04B7B1E57037C007F0DDA /* Frameworks */ = {
			isa = PBXGroup;
			children = (
				63F04B7C1E57037D007F0DDA /* libresolv.9.tbd */,
			);
			name = Frameworks;
			sourceTree = "<group>";
		};
/* End PBXGroup section */

/* Begin PBXNativeTarget section */
		63F04B2B1E56E2A5007F0DDA /* YJCategoriesGather */ = {
			isa = PBXNativeTarget;
			buildConfigurationList = 63F04B431E56E2A5007F0DDA /* Build configuration list for PBXNativeTarget "YJCategoriesGather" */;
			buildPhases = (
				63F04B281E56E2A5007F0DDA /* Sources */,
				63F04B291E56E2A5007F0DDA /* Frameworks */,
				63F04B2A1E56E2A5007F0DDA /* Resources */,
			);
			buildRules = (
			);
			dependencies = (
			);
			name = YJCategoriesGather;
			productName = YJCategoriesGather;
			productReference = 63F04B2C1E56E2A5007F0DDA /* YJCategoriesGather.app */;
			productType = "com.apple.product-type.application";
		};
/* End PBXNativeTarget section */

/* Begin PBXProject section */
		63F04B241E56E2A5007F0DDA /* Project object */ = {
			isa = PBXProject;
			attributes = {
				LastUpgradeCheck = 0800;
				ORGANIZATIONNAME = "侯跃军 houmanager@Hotmail.com";
				TargetAttributes = {
					63F04B2B1E56E2A5007F0DDA = {
						CreatedOnToolsVersion = 8.0;
						DevelopmentTeam = 33JZ8ZWGJN;
						ProvisioningStyle = Automatic;
					};
				};
			};
			buildConfigurationList = 63F04B271E56E2A5007F0DDA /* Build configuration list for PBXProject "YJCategoriesGather" */;
			compatibilityVersion = "Xcode 3.2";
			developmentRegion = English;
			hasScannedForEncodings = 0;
			knownRegions = (
				en,
				Base,
			);
			mainGroup = 63F04B231E56E2A5007F0DDA;
			productRefGroup = 63F04B2D1E56E2A5007F0DDA /* Products */;
			projectDirPath = "";
			projectRoot = "";
			targets = (
				63F04B2B1E56E2A5007F0DDA /* YJCategoriesGather */,
			);
		};
/* End PBXProject section */

/* Begin PBXResourcesBuildPhase section */
		63F04B2A1E56E2A5007F0DDA /* Resources */ = {
			isa = PBXResourcesBuildPhase;
			buildActionMask = 2147483647;
			files = (
				63F04B3F1E56E2A5007F0DDA /* LaunchScreen.storyboard in Resources */,
				63F04B3C1E56E2A5007F0DDA /* Assets.xcassets in Resources */,
				63F04B3A1E56E2A5007F0DDA /* Main.storyboard in Resources */,
			);
			runOnlyForDeploymentPostprocessing = 0;
		};
/* End PBXResourcesBuildPhase section */

/* Begin PBXSourcesBuildPhase section */
		63F04B281E56E2A5007F0DDA /* Sources */ = {
			isa = PBXSourcesBuildPhase;
			buildActionMask = 2147483647;
			files = (
				6314C3E81E58999800A40B52 /* UIDevice+YJSuperExt.m in Sources */,
				6314C3CD1E5894B000A40B52 /* UIView+YJRecursion.m in Sources */,
				6314C3CA1E5894B000A40B52 /* UIView+YJFrame.m in Sources */,
				6314C3D81E58977900A40B52 /* UIViewController+YJSuperExt.m in Sources */,
				6314C3CE1E5894B000A40B52 /* UIView+YJScreenshot.m in Sources */,
				63F04B371E56E2A5007F0DDA /* ViewController.m in Sources */,
				6314C3CC1E5894B000A40B52 /* UIView+YJLoadNib.m in Sources */,
				6314C3CB1E5894B000A40B52 /* UIView+YJGestureBlock.m in Sources */,
				63F04B491E56E362007F0DDA /* NSString+YJExtention.m in Sources */,
				63F04B341E56E2A5007F0DDA /* AppDelegate.m in Sources */,
				6314C3D11E58951E00A40B52 /* UITableViewCell+YJNib.m in Sources */,
				6314C3E41E58990E00A40B52 /* UIWindow+YJHierarchy.m in Sources */,
				63F04B761E56F8B0007F0DDA /* NSDictionary+YJExtention.m in Sources */,
				6314C3C81E5894B000A40B52 /* UIView+YJConstraints.m in Sources */,
				63F04B701E56F6C4007F0DDA /* NSArray+YJExtention.m in Sources */,
				6314C3C91E5894B000A40B52 /* UIView+YJFind.m in Sources */,
				63F04B311E56E2A5007F0DDA /* main.m in Sources */,
				6314C3DC1E58980D00A40B52 /* UILabel+YJSuperExt.m in Sources */,
				6314C3E01E58988F00A40B52 /* UIButton+YJSuperExt.m in Sources */,
			);
			runOnlyForDeploymentPostprocessing = 0;
		};
/* End PBXSourcesBuildPhase section */

/* Begin PBXVariantGroup section */
		63F04B381E56E2A5007F0DDA /* Main.storyboard */ = {
			isa = PBXVariantGroup;
			children = (
				63F04B391E56E2A5007F0DDA /* Base */,
			);
			name = Main.storyboard;
			sourceTree = "<group>";
		};
		63F04B3D1E56E2A5007F0DDA /* LaunchScreen.storyboard */ = {
			isa = PBXVariantGroup;
			children = (
				63F04B3E1E56E2A5007F0DDA /* Base */,
			);
			name = LaunchScreen.storyboard;
			sourceTree = "<group>";
		};
/* End PBXVariantGroup section */

/* Begin XCBuildConfiguration section */
		63F04B411E56E2A5007F0DDA /* Debug */ = {
			isa = XCBuildConfiguration;
			buildSettings = {
				ALWAYS_SEARCH_USER_PATHS = NO;
				CLANG_ANALYZER_NONNULL = YES;
				CLANG_CXX_LANGUAGE_STANDARD = "gnu++0x";
				CLANG_CXX_LIBRARY = "libc++";
				CLANG_ENABLE_MODULES = YES;
				CLANG_ENABLE_OBJC_ARC = YES;
				CLANG_WARN_BOOL_CONVERSION = YES;
				CLANG_WARN_CONSTANT_CONVERSION = YES;
				CLANG_WARN_DIRECT_OBJC_ISA_USAGE = YES_ERROR;
				CLANG_WARN_DOCUMENTATION_COMMENTS = YES;
				CLANG_WARN_EMPTY_BODY = YES;
				CLANG_WARN_ENUM_CONVERSION = YES;
				CLANG_WARN_INFINITE_RECURSION = YES;
				CLANG_WARN_INT_CONVERSION = YES;
				CLANG_WARN_OBJC_ROOT_CLASS = YES_ERROR;
				CLANG_WARN_SUSPICIOUS_MOVES = YES;
				CLANG_WARN_UNREACHABLE_CODE = YES;
				CLANG_WARN__DUPLICATE_METHOD_MATCH = YES;
				"CODE_SIGN_IDENTITY[sdk=iphoneos*]" = "iPhone Developer";
				COPY_PHASE_STRIP = NO;
				DEBUG_INFORMATION_FORMAT = dwarf;
				ENABLE_STRICT_OBJC_MSGSEND = YES;
				ENABLE_TESTABILITY = YES;
				GCC_C_LANGUAGE_STANDARD = gnu99;
				GCC_DYNAMIC_NO_PIC = NO;
				GCC_NO_COMMON_BLOCKS = YES;
				GCC_OPTIMIZATION_LEVEL = 0;
				GCC_PREPROCESSOR_DEFINITIONS = (
					"DEBUG=1",
					"$(inherited)",
				);
				GCC_WARN_64_TO_32_BIT_CONVERSION = YES;
				GCC_WARN_ABOUT_RETURN_TYPE = YES_ERROR;
				GCC_WARN_UNDECLARED_SELECTOR = YES;
				GCC_WARN_UNINITIALIZED_AUTOS = YES_AGGRESSIVE;
				GCC_WARN_UNUSED_FUNCTION = YES;
				GCC_WARN_UNUSED_VARIABLE = YES;
				IPHONEOS_DEPLOYMENT_TARGET = 10.0;
				MTL_ENABLE_DEBUG_INFO = YES;
				ONLY_ACTIVE_ARCH = YES;
				SDKROOT = iphoneos;
			};
			name = Debug;
		};
		63F04B421E56E2A5007F0DDA /* Release */ = {
			isa = XCBuildConfiguration;
			buildSettings = {
				ALWAYS_SEARCH_USER_PATHS = NO;
				CLANG_ANALYZER_NONNULL = YES;
				CLANG_CXX_LANGUAGE_STANDARD = "gnu++0x";
				CLANG_CXX_LIBRARY = "libc++";
				CLANG_ENABLE_MODULES = YES;
				CLANG_ENABLE_OBJC_ARC = YES;
				CLANG_WARN_BOOL_CONVERSION = YES;
				CLANG_WARN_CONSTANT_CONVERSION = YES;
				CLANG_WARN_DIRECT_OBJC_ISA_USAGE = YES_ERROR;
				CLANG_WARN_DOCUMENTATION_COMMENTS = YES;
				CLANG_WARN_EMPTY_BODY = YES;
				CLANG_WARN_ENUM_CONVERSION = YES;
				CLANG_WARN_INFINITE_RECURSION = YES;
				CLANG_WARN_INT_CONVERSION = YES;
				CLANG_WARN_OBJC_ROOT_CLASS = YES_ERROR;
				CLANG_WARN_SUSPICIOUS_MOVES = YES;
				CLANG_WARN_UNREACHABLE_CODE = YES;
				CLANG_WARN__DUPLICATE_METHOD_MATCH = YES;
				"CODE_SIGN_IDENTITY[sdk=iphoneos*]" = "iPhone Developer";
				COPY_PHASE_STRIP = NO;
				DEBUG_INFORMATION_FORMAT = "dwarf-with-dsym";
				ENABLE_NS_ASSERTIONS = NO;
				ENABLE_STRICT_OBJC_MSGSEND = YES;
				GCC_C_LANGUAGE_STANDARD = gnu99;
				GCC_NO_COMMON_BLOCKS = YES;
				GCC_WARN_64_TO_32_BIT_CONVERSION = YES;
				GCC_WARN_ABOUT_RETURN_TYPE = YES_ERROR;
				GCC_WARN_UNDECLARED_SELECTOR = YES;
				GCC_WARN_UNINITIALIZED_AUTOS = YES_AGGRESSIVE;
				GCC_WARN_UNUSED_FUNCTION = YES;
				GCC_WARN_UNUSED_VARIABLE = YES;
				IPHONEOS_DEPLOYMENT_TARGET = 10.0;
				MTL_ENABLE_DEBUG_INFO = NO;
				SDKROOT = iphoneos;
				VALIDATE_PRODUCT = YES;
			};
			name = Release;
		};
		63F04B441E56E2A5007F0DDA /* Debug */ = {
			isa = XCBuildConfiguration;
			buildSettings = {
				ASSETCATALOG_COMPILER_APPICON_NAME = AppIcon;
				DEVELOPMENT_TEAM = 33JZ8ZWGJN;
				GCC_PRECOMPILE_PREFIX_HEADER = YES;
				GCC_PREFIX_HEADER = YJCategoriesGather/PrefixHeader.pch;
				INFOPLIST_FILE = YJCategoriesGather/Info.plist;
				IPHONEOS_DEPLOYMENT_TARGET = 8.0;
				LD_RUNPATH_SEARCH_PATHS = "$(inherited) @executable_path/Frameworks";
				PRODUCT_BUNDLE_IDENTIFIER = com.houmanager.demo;
				PRODUCT_NAME = "$(TARGET_NAME)";
			};
			name = Debug;
		};
		63F04B451E56E2A5007F0DDA /* Release */ = {
			isa = XCBuildConfiguration;
			buildSettings = {
				ASSETCATALOG_COMPILER_APPICON_NAME = AppIcon;
				DEVELOPMENT_TEAM = 33JZ8ZWGJN;
				GCC_PRECOMPILE_PREFIX_HEADER = YES;
				GCC_PREFIX_HEADER = YJCategoriesGather/PrefixHeader.pch;
				INFOPLIST_FILE = YJCategoriesGather/Info.plist;
				IPHONEOS_DEPLOYMENT_TARGET = 8.0;
				LD_RUNPATH_SEARCH_PATHS = "$(inherited) @executable_path/Frameworks";
				PRODUCT_BUNDLE_IDENTIFIER = com.houmanager.demo;
				PRODUCT_NAME = "$(TARGET_NAME)";
			};
			name = Release;
		};
/* End XCBuildConfiguration section */

/* Begin XCConfigurationList section */
		63F04B271E56E2A5007F0DDA /* Build configuration list for PBXProject "YJCategoriesGather" */ = {
			isa = XCConfigurationList;
			buildConfigurations = (
				63F04B411E56E2A5007F0DDA /* Debug */,
				63F04B421E56E2A5007F0DDA /* Release */,
			);
			defaultConfigurationIsVisible = 0;
			defaultConfigurationName = Release;
		};
		63F04B431E56E2A5007F0DDA /* Build configuration list for PBXNativeTarget "YJCategoriesGather" */ = {
			isa = XCConfigurationList;
			buildConfigurations = (
				63F04B441E56E2A5007F0DDA /* Debug */,
				63F04B451E56E2A5007F0DDA /* Release */,
			);
			defaultConfigurationIsVisible = 0;
			defaultConfigurationName = Release;
		};
/* End XCConfigurationList section */
	};
	rootObject = 63F04B241E56E2A5007F0DDA /* Project object */;
}
